// !$*UTF8*$!
{
	archiveVersion = 1;
	classes = {
	};
	objectVersion = 46;
	objects = {

/* Begin PBXBuildFile section */
		260493D71F6B81EE0035E2E8 /* ConnectDeviceViewController.m in Sources */ = {isa = PBXBuildFile; fileRef = 260493D21F6B81EE0035E2E8 /* ConnectDeviceViewController.m */; };
		260493D81F6B81EE0035E2E8 /* ConnectDeviceViewController.xib in Resources */ = {isa = PBXBuildFile; fileRef = 260493D31F6B81EE0035E2E8 /* ConnectDeviceViewController.xib */; };
		260493D91F6B81EE0035E2E8 /* ScanDeviceViewController.m in Sources */ = {isa = PBXBuildFile; fileRef = 260493D51F6B81EE0035E2E8 /* ScanDeviceViewController.m */; };
		260493DA1F6B81EE0035E2E8 /* ScanDeviceViewController.xib in Resources */ = {isa = PBXBuildFile; fileRef = 260493D61F6B81EE0035E2E8 /* ScanDeviceViewController.xib */; };
		260493E31F6B81FD0035E2E8 /* SignalViewController.m in Sources */ = {isa = PBXBuildFile; fileRef = 260493DF1F6B81FD0035E2E8 /* SignalViewController.m */; };
		260493E41F6B81FD0035E2E8 /* SignalViewController.xib in Resources */ = {isa = PBXBuildFile; fileRef = 260493E01F6B81FD0035E2E8 /* SignalViewController.xib */; };
		260493ED1F6B82090035E2E8 /* DealWithData.m in Sources */ = {isa = PBXBuildFile; fileRef = 260493E61F6B82090035E2E8 /* DealWithData.m */; };
		260493EE1F6B82090035E2E8 /* SimulateData.m in Sources */ = {isa = PBXBuildFile; fileRef = 260493E81F6B82090035E2E8 /* SimulateData.m */; };
		260493EF1F6B82090035E2E8 /* SimulateData+ScoreDeduction.m in Sources */ = {isa = PBXBuildFile; fileRef = 260493EA1F6B82090035E2E8 /* SimulateData+ScoreDeduction.m */; };
		260493F01F6B82090035E2E8 /* UpgradeInfoObj.m in Sources */ = {isa = PBXBuildFile; fileRef = 260493EC1F6B82090035E2E8 /* UpgradeInfoObj.m */; };
		260493F51F6B82120035E2E8 /* FontColor.m in Sources */ = {isa = PBXBuildFile; fileRef = 260493F21F6B82120035E2E8 /* FontColor.m */; };
		260493F61F6B82120035E2E8 /* Tool.m in Sources */ = {isa = PBXBuildFile; fileRef = 260493F41F6B82120035E2E8 /* Tool.m */; };
		260493F91F6B821B0035E2E8 /* SLPUnderlineButton.m in Sources */ = {isa = PBXBuildFile; fileRef = 260493F81F6B821B0035E2E8 /* SLPUnderlineButton.m */; };
		261E9F871F690D7D0044BF3C /* main.m in Sources */ = {isa = PBXBuildFile; fileRef = 261E9F861F690D7D0044BF3C /* main.m */; };
		261E9F8A1F690D7D0044BF3C /* AppDelegate.m in Sources */ = {isa = PBXBuildFile; fileRef = 261E9F891F690D7D0044BF3C /* AppDelegate.m */; };
		261E9F921F690D7D0044BF3C /* Assets.xcassets in Resources */ = {isa = PBXBuildFile; fileRef = 261E9F911F690D7D0044BF3C /* Assets.xcassets */; };
		261E9F951F690D7D0044BF3C /* LaunchScreen.storyboard in Resources */ = {isa = PBXBuildFile; fileRef = 261E9F931F690D7D0044BF3C /* LaunchScreen.storyboard */; };
		261E9FA01F690D7E0044BF3C /* PillowSDKDemoTests.m in Sources */ = {isa = PBXBuildFile; fileRef = 261E9F9F1F690D7E0044BF3C /* PillowSDKDemoTests.m */; };
		261E9FAB1F690D7E0044BF3C /* PillowSDKDemoUITests.m in Sources */ = {isa = PBXBuildFile; fileRef = 261E9FAA1F690D7E0044BF3C /* PillowSDKDemoUITests.m */; };
		261E9FBC1F690F050044BF3C /* Default-568h@2x.png in Resources */ = {isa = PBXBuildFile; fileRef = 261E9FB81F690F050044BF3C /* Default-568h@2x.png */; };
		261E9FBD1F690F050044BF3C /* Default-667h@2x.png in Resources */ = {isa = PBXBuildFile; fileRef = 261E9FB91F690F050044BF3C /* Default-667h@2x.png */; };
		261E9FBE1F690F050044BF3C /* Default-736h@3x.png in Resources */ = {isa = PBXBuildFile; fileRef = 261E9FBA1F690F050044BF3C /* Default-736h@3x.png */; };
		261E9FBF1F690F050044BF3C /* Default@2x.png in Resources */ = {isa = PBXBuildFile; fileRef = 261E9FBB1F690F050044BF3C /* Default@2x.png */; };
		261E9FED1F690F0E0044BF3C /* about_logo@2x.png in Resources */ = {isa = PBXBuildFile; fileRef = 261E9FCD1F690F0E0044BF3C /* about_logo@2x.png */; };
		261E9FEE1F690F0E0044BF3C /* control@2x.png in Resources */ = {isa = PBXBuildFile; fileRef = 261E9FCE1F690F0E0044BF3C /* control@2x.png */; };
		261E9FEF1F690F0E0044BF3C /* control@3x.png in Resources */ = {isa = PBXBuildFile; fileRef = 261E9FCF1F690F0E0044BF3C /* control@3x.png */; };
		261E9FF01F690F0E0044BF3C /* data@2x.png in Resources */ = {isa = PBXBuildFile; fileRef = 261E9FD01F690F0E0044BF3C /* data@2x.png */; };
		261E9FF11F690F0E0044BF3C /* data@3x.png in Resources */ = {isa = PBXBuildFile; fileRef = 261E9FD11F690F0E0044BF3C /* data@3x.png */; };
		261E9FF21F690F0E0044BF3C /* device_btn_refresh_nor@2x.png in Resources */ = {isa = PBXBuildFile; fileRef = 261E9FD21F690F0E0044BF3C /* device_btn_refresh_nor@2x.png */; };
		261E9FF31F690F0E0044BF3C /* device_btn_refresh_nor@3x.png in Resources */ = {isa = PBXBuildFile; fileRef = 261E9FD31F690F0E0044BF3C /* device_btn_refresh_nor@3x.png */; };
		261E9FF41F690F0E0044BF3C /* heart_stop_s@2x.png in Resources */ = {isa = PBXBuildFile; fileRef = 261E9FD41F690F0E0044BF3C /* heart_stop_s@2x.png */; };
		261E9FF51F690F0E0044BF3C /* heart_stop_s@3x.png in Resources */ = {isa = PBXBuildFile; fileRef = 261E9FD51F690F0E0044BF3C /* heart_stop_s@3x.png */; };
		261E9FF61F690F0E0044BF3C /* home@2x.png in Resources */ = {isa = PBXBuildFile; fileRef = 261E9FD61F690F0E0044BF3C /* home@2x.png */; };
		261E9FF71F690F0E0044BF3C /* home@3x.png in Resources */ = {isa = PBXBuildFile; fileRef = 261E9FD71F690F0E0044BF3C /* home@3x.png */; };
		261E9FF81F690F0E0044BF3C /* huxi_3-177@2x.png in Resources */ = {isa = PBXBuildFile; fileRef = 261E9FD81F690F0E0044BF3C /* huxi_3-177@2x.png */; };
		261E9FF91F690F0E0044BF3C /* huxi_3-177@3x.png in Resources */ = {isa = PBXBuildFile; fileRef = 261E9FD91F690F0E0044BF3C /* huxi_3-177@3x.png */; };
		261E9FFA1F690F0E0044BF3C /* leavebed_sm@2x.png in Resources */ = {isa = PBXBuildFile; fileRef = 261E9FDA1F690F0E0044BF3C /* leavebed_sm@2x.png */; };
		261E9FFB1F690F0E0044BF3C /* leavebed_sm@3x.png in Resources */ = {isa = PBXBuildFile; fileRef = 261E9FDB1F690F0E0044BF3C /* leavebed_sm@3x.png */; };
		261E9FFC1F690F0E0044BF3C /* moon@2x.png in Resources */ = {isa = PBXBuildFile; fileRef = 261E9FDC1F690F0E0044BF3C /* moon@2x.png */; };
		261E9FFD1F690F0E0044BF3C /* moon@3x.png in Resources */ = {isa = PBXBuildFile; fileRef = 261E9FDD1F690F0E0044BF3C /* moon@3x.png */; };
		261E9FFE1F690F0E0044BF3C /* sun@2x.png in Resources */ = {isa = PBXBuildFile; fileRef = 261E9FDE1F690F0E0044BF3C /* sun@2x.png */; };
		261E9FFF1F690F0E0044BF3C /* sun@3x.png in Resources */ = {isa = PBXBuildFile; fileRef = 261E9FDF1F690F0E0044BF3C /* sun@3x.png */; };
		261EA0001F690F0E0044BF3C /* tab_btn_scenes_home@2x.png in Resources */ = {isa = PBXBuildFile; fileRef = 261E9FE01F690F0E0044BF3C /* tab_btn_scenes_home@2x.png */; };
		261EA0011F690F0E0044BF3C /* tab_btn_scenes_home@3x.png in Resources */ = {isa = PBXBuildFile; fileRef = 261E9FE11F690F0E0044BF3C /* tab_btn_scenes_home@3x.png */; };
		261EA1051F690FB90044BF3C /* FixTimeView.m in Sources */ = {isa = PBXBuildFile; fileRef = 261EA0DF1F690FB90044BF3C /* FixTimeView.m */; };
		261EA1061F690FB90044BF3C /* FixView.m in Sources */ = {isa = PBXBuildFile; fileRef = 261EA0E11F690FB90044BF3C /* FixView.m */; };
		261EA1071F690FB90044BF3C /* HeartCurveView.m in Sources */ = {isa = PBXBuildFile; fileRef = 261EA0E31F690FB90044BF3C /* HeartCurveView.m */; };
		261EA1081F690FB90044BF3C /* NSObject+SBJson.m in Sources */ = {isa = PBXBuildFile; fileRef = 261EA0E61F690FB90044BF3C /* NSObject+SBJson.m */; };
		261EA1091F690FB90044BF3C /* SBJson.m in Sources */ = {isa = PBXBuildFile; fileRef = 261EA0E81F690FB90044BF3C /* SBJson.m */; settings = {COMPILER_FLAGS = "-fno-objc-arc"; }; };
		261EA10A1F690FB90044BF3C /* SBJsonParser.m in Sources */ = {isa = PBXBuildFile; fileRef = 261EA0EA1F690FB90044BF3C /* SBJsonParser.m */; };
		261EA10B1F690FB90044BF3C /* SBJsonStreamParser.m in Sources */ = {isa = PBXBuildFile; fileRef = 261EA0EC1F690FB90044BF3C /* SBJsonStreamParser.m */; };
		261EA10C1F690FB90044BF3C /* SBJsonStreamParserAccumulator.m in Sources */ = {isa = PBXBuildFile; fileRef = 261EA0EE1F690FB90044BF3C /* SBJsonStreamParserAccumulator.m */; };
		261EA10D1F690FB90044BF3C /* SBJsonStreamParserAdapter.m in Sources */ = {isa = PBXBuildFile; fileRef = 261EA0F01F690FB90044BF3C /* SBJsonStreamParserAdapter.m */; };
		261EA10E1F690FB90044BF3C /* SBJsonStreamParserState.m in Sources */ = {isa = PBXBuildFile; fileRef = 261EA0F21F690FB90044BF3C /* SBJsonStreamParserState.m */; };
		261EA10F1F690FB90044BF3C /* SBJsonStreamWriter.m in Sources */ = {isa = PBXBuildFile; fileRef = 261EA0F41F690FB90044BF3C /* SBJsonStreamWriter.m */; };
		261EA1101F690FB90044BF3C /* SBJsonStreamWriterAccumulator.m in Sources */ = {isa = PBXBuildFile; fileRef = 261EA0F61F690FB90044BF3C /* SBJsonStreamWriterAccumulator.m */; };
		261EA1111F690FB90044BF3C /* SBJsonStreamWriterState.m in Sources */ = {isa = PBXBuildFile; fileRef = 261EA0F81F690FB90044BF3C /* SBJsonStreamWriterState.m */; };
		261EA1121F690FB90044BF3C /* SBJsonTokeniser.m in Sources */ = {isa = PBXBuildFile; fileRef = 261EA0FA1F690FB90044BF3C /* SBJsonTokeniser.m */; };
		261EA1131F690FB90044BF3C /* SBJsonUTF8Stream.m in Sources */ = {isa = PBXBuildFile; fileRef = 261EA0FC1F690FB90044BF3C /* SBJsonUTF8Stream.m */; };
		261EA1141F690FB90044BF3C /* SBJsonWriter.m in Sources */ = {isa = PBXBuildFile; fileRef = 261EA0FE1F690FB90044BF3C /* SBJsonWriter.m */; };
		261EA1151F690FB90044BF3C /* SleepView.m in Sources */ = {isa = PBXBuildFile; fileRef = 261EA1001F690FB90044BF3C /* SleepView.m */; };
		261EA1161F690FB90044BF3C /* ToolKit.m in Sources */ = {isa = PBXBuildFile; fileRef = 261EA1021F690FB90044BF3C /* ToolKit.m */; };
		261EA1171F690FB90044BF3C /* UserObj.m in Sources */ = {isa = PBXBuildFile; fileRef = 261EA1041F690FB90044BF3C /* UserObj.m */; };
		261EA1381F690FF40044BF3C /* SLPTitleValueArrowTableViewCell.m in Sources */ = {isa = PBXBuildFile; fileRef = 261EA1361F690FF40044BF3C /* SLPTitleValueArrowTableViewCell.m */; };
		261EA1391F690FF40044BF3C /* SLPTitleValueArrowTableViewCell.xib in Resources */ = {isa = PBXBuildFile; fileRef = 261EA1371F690FF40044BF3C /* SLPTitleValueArrowTableViewCell.xib */; };
		261EA1431F6910010044BF3C /* StartViewController.m in Sources */ = {isa = PBXBuildFile; fileRef = 261EA13B1F6910010044BF3C /* StartViewController.m */; };
		261EA1441F6910010044BF3C /* StartViewController.xib in Resources */ = {isa = PBXBuildFile; fileRef = 261EA13C1F6910010044BF3C /* StartViewController.xib */; };
		261EA14E1F6910080044BF3C /* LICENSE in Resources */ = {isa = PBXBuildFile; fileRef = 261EA14A1F6910080044BF3C /* LICENSE */; };
		261EA14F1F6910080044BF3C /* MBProgressHUD.m in Sources */ = {isa = PBXBuildFile; fileRef = 261EA14C1F6910080044BF3C /* MBProgressHUD.m */; };
		261EA1501F6910080044BF3C /* README.mdown in Sources */ = {isa = PBXBuildFile; fileRef = 261EA14D1F6910080044BF3C /* README.mdown */; };
		261EA15E1F6910B10044BF3C /* ControlViewController.m in Sources */ = {isa = PBXBuildFile; fileRef = 261EA1561F6910B10044BF3C /* ControlViewController.m */; };
		261EA15F1F6910B10044BF3C /* ControlViewController.xib in Resources */ = {isa = PBXBuildFile; fileRef = 261EA1571F6910B10044BF3C /* ControlViewController.xib */; };
		261EA1601F6910B10044BF3C /* DataViewController.m in Sources */ = {isa = PBXBuildFile; fileRef = 261EA1591F6910B10044BF3C /* DataViewController.m */; };
		261EA1611F6910B10044BF3C /* DataViewController.xib in Resources */ = {isa = PBXBuildFile; fileRef = 261EA15A1F6910B10044BF3C /* DataViewController.xib */; };
		261EA1621F6910B10044BF3C /* DeviceViewController.m in Sources */ = {isa = PBXBuildFile; fileRef = 261EA15C1F6910B10044BF3C /* DeviceViewController.m */; };
		261EA1631F6910B10044BF3C /* DeviceViewController.xib in Resources */ = {isa = PBXBuildFile; fileRef = 261EA15D1F6910B10044BF3C /* DeviceViewController.xib */; };
		261EA1641F69114F0044BF3C /* Localizable.strings in Resources */ = {isa = PBXBuildFile; fileRef = 261EA1661F69114F0044BF3C /* Localizable.strings */; };
		26B41BAD1F7DE01C0003994A /* sdk_index_icon_pillow@2x.png in Resources */ = {isa = PBXBuildFile; fileRef = 26B41BAB1F7DE01C0003994A /* sdk_index_icon_pillow@2x.png */; };
		26B41BAE1F7DE01C0003994A /* sdk_index_icon_pillow@3x.png in Resources */ = {isa = PBXBuildFile; fileRef = 26B41BAC1F7DE01C0003994A /* sdk_index_icon_pillow@3x.png */; };
		26B4CF031F6929D500E7EDD1 /* libc++.tbd in Frameworks */ = {isa = PBXBuildFile; fileRef = 26B4CEFF1F69280500E7EDD1 /* libc++.tbd */; };
		26EEAB11242B24AE000FD4AB /* BluetoothManager.framework in Frameworks */ = {isa = PBXBuildFile; fileRef = 26EEAB0E242B24AE000FD4AB /* BluetoothManager.framework */; };
		26EEAB12242B24AE000FD4AB /* Pillow.framework in Frameworks */ = {isa = PBXBuildFile; fileRef = 26EEAB0F242B24AE000FD4AB /* Pillow.framework */; };
		26EEAB13242B24AE000FD4AB /* SLPCommon.framework in Frameworks */ = {isa = PBXBuildFile; fileRef = 26EEAB10242B24AE000FD4AB /* SLPCommon.framework */; };
		8F2ACC7A26F5AF8500F63034 /* MusicInfo.m in Sources */ = {isa = PBXBuildFile; fileRef = 8F2ACC7826F5AF8500F63034 /* MusicInfo.m */; };
		8F2ACC8326F5B1C800F63034 /* MusicListViewController.xib in Resources */ = {isa = PBXBuildFile; fileRef = 8F2ACC8026F5B1C800F63034 /* MusicListViewController.xib */; };
		8F2ACC8426F5B1C800F63034 /* MusicListViewController.m in Sources */ = {isa = PBXBuildFile; fileRef = 8F2ACC8226F5B1C800F63034 /* MusicListViewController.m */; };
		8F2ACC8826F5B25200F63034 /* SelectItemCell.m in Sources */ = {isa = PBXBuildFile; fileRef = 8F2ACC8526F5B25200F63034 /* SelectItemCell.m */; };
		8F2ACC8926F5B25200F63034 /* SelectItemCell.xib in Resources */ = {isa = PBXBuildFile; fileRef = 8F2ACC8626F5B25200F63034 /* SelectItemCell.xib */; };
		8F2ACC8D26F5B6D400F63034 /* Theme.m in Sources */ = {isa = PBXBuildFile; fileRef = 8F2ACC8C26F5B6D400F63034 /* Theme.m */; };
		8F2ACC9026F5B6FD00F63034 /* BaseTableViewCell.m in Sources */ = {isa = PBXBuildFile; fileRef = 8F2ACC8F26F5B6FD00F63034 /* BaseTableViewCell.m */; };
		8FA4886526F49841003F13D5 /* SleepAidViewController.m in Sources */ = {isa = PBXBuildFile; fileRef = 8FA4886326F49841003F13D5 /* SleepAidViewController.m */; };
		8FA4886626F49841003F13D5 /* SleepAidViewController.xib in Resources */ = {isa = PBXBuildFile; fileRef = 8FA4886426F49841003F13D5 /* SleepAidViewController.xib */; };
		8FB262E826FABBB700E63F4B /* SettingsViewController.m in Sources */ = {isa = PBXBuildFile; fileRef = 8FB262E626FABBB700E63F4B /* SettingsViewController.m */; };
		8FB262E926FABBB700E63F4B /* SettingsViewController.xib in Resources */ = {isa = PBXBuildFile; fileRef = 8FB262E726FABBB700E63F4B /* SettingsViewController.xib */; };
		8FB262ED26FAC1D900E63F4B /* BLEMuiscViewController.m in Sources */ = {isa = PBXBuildFile; fileRef = 8FB262EB26FAC1D900E63F4B /* BLEMuiscViewController.m */; };
		8FB262EE26FAC1D900E63F4B /* BLEMuiscViewController.xib in Resources */ = {isa = PBXBuildFile; fileRef = 8FB262EC26FAC1D900E63F4B /* BLEMuiscViewController.xib */; };
		8FB262F226FAC21A00E63F4B /* AlarmListViewController.m in Sources */ = {isa = PBXBuildFile; fileRef = 8FB262F026FAC21A00E63F4B /* AlarmListViewController.m */; };
		8FB262F326FAC21A00E63F4B /* AlarmListViewController.xib in Resources */ = {isa = PBXBuildFile; fileRef = 8FB262F126FAC21A00E63F4B /* AlarmListViewController.xib */; };
		8FB262F726FAC22900E63F4B /* AlarmViewController.m in Sources */ = {isa = PBXBuildFile; fileRef = 8FB262F526FAC22900E63F4B /* AlarmViewController.m */; };
		8FB262F826FAC22900E63F4B /* AlarmViewController.xib in Resources */ = {isa = PBXBuildFile; fileRef = 8FB262F626FAC22900E63F4B /* AlarmViewController.xib */; };
		A4424B85231537CD0002D35B /* P200A_HP00X_20190827_V1.11(0.0.2)_Release_Update.des in Resources */ = {isa = PBXBuildFile; fileRef = A4424B84231537CC0002D35B /* P200A_HP00X_20190827_V1.11(0.0.2)_Release_Update.des */; };
/* End PBXBuildFile section */

/* Begin PBXContainerItemProxy section */
		261E9F9C1F690D7E0044BF3C /* PBXContainerItemProxy */ = {
			isa = PBXContainerItemProxy;
			containerPortal = 261E9F7A1F690D7D0044BF3C /* Project object */;
			proxyType = 1;
			remoteGlobalIDString = 261E9F811F690D7D0044BF3C;
			remoteInfo = PillowSDKDemo;
		};
		261E9FA71F690D7E0044BF3C /* PBXContainerItemProxy */ = {
			isa = PBXContainerItemProxy;
			containerPortal = 261E9F7A1F690D7D0044BF3C /* Project object */;
			proxyType = 1;
			remoteGlobalIDString = 261E9F811F690D7D0044BF3C;
			remoteInfo = PillowSDKDemo;
		};
/* End PBXContainerItemProxy section */

/* Begin PBXFileReference section */
		260493D11F6B81EE0035E2E8 /* ConnectDeviceViewController.h */ = {isa = PBXFileReference; fileEncoding = 4; lastKnownFileType = sourcecode.c.h; path = ConnectDeviceViewController.h; sourceTree = "<group>"; };
		260493D21F6B81EE0035E2E8 /* ConnectDeviceViewController.m */ = {isa = PBXFileReference; fileEncoding = 4; lastKnownFileType = sourcecode.c.objc; path = ConnectDeviceViewController.m; sourceTree = "<group>"; };
		260493D31F6B81EE0035E2E8 /* ConnectDeviceViewController.xib */ = {isa = PBXFileReference; fileEncoding = 4; lastKnownFileType = file.xib; path = ConnectDeviceViewController.xib; sourceTree = "<group>"; };
		260493D41F6B81EE0035E2E8 /* ScanDeviceViewController.h */ = {isa = PBXFileReference; fileEncoding = 4; lastKnownFileType = sourcecode.c.h; path = ScanDeviceViewController.h; sourceTree = "<group>"; };
		260493D51F6B81EE0035E2E8 /* ScanDeviceViewController.m */ = {isa = PBXFileReference; fileEncoding = 4; lastKnownFileType = sourcecode.c.objc; path = ScanDeviceViewController.m; sourceTree = "<group>"; };
		260493D61F6B81EE0035E2E8 /* ScanDeviceViewController.xib */ = {isa = PBXFileReference; fileEncoding = 4; lastKnownFileType = file.xib; path = ScanDeviceViewController.xib; sourceTree = "<group>"; };
		260493DE1F6B81FD0035E2E8 /* SignalViewController.h */ = {isa = PBXFileReference; fileEncoding = 4; lastKnownFileType = sourcecode.c.h; path = SignalViewController.h; sourceTree = "<group>"; };
		260493DF1F6B81FD0035E2E8 /* SignalViewController.m */ = {isa = PBXFileReference; fileEncoding = 4; lastKnownFileType = sourcecode.c.objc; path = SignalViewController.m; sourceTree = "<group>"; };
		260493E01F6B81FD0035E2E8 /* SignalViewController.xib */ = {isa = PBXFileReference; fileEncoding = 4; lastKnownFileType = file.xib; path = SignalViewController.xib; sourceTree = "<group>"; };
		260493E51F6B82090035E2E8 /* DealWithData.h */ = {isa = PBXFileReference; fileEncoding = 4; lastKnownFileType = sourcecode.c.h; path = DealWithData.h; sourceTree = "<group>"; };
		260493E61F6B82090035E2E8 /* DealWithData.m */ = {isa = PBXFileReference; fileEncoding = 4; lastKnownFileType = sourcecode.c.objc; path = DealWithData.m; sourceTree = "<group>"; };
		260493E71F6B82090035E2E8 /* SimulateData.h */ = {isa = PBXFileReference; fileEncoding = 4; lastKnownFileType = sourcecode.c.h; path = SimulateData.h; sourceTree = "<group>"; };
		260493E81F6B82090035E2E8 /* SimulateData.m */ = {isa = PBXFileReference; fileEncoding = 4; lastKnownFileType = sourcecode.c.objc; path = SimulateData.m; sourceTree = "<group>"; };
		260493E91F6B82090035E2E8 /* SimulateData+ScoreDeduction.h */ = {isa = PBXFileReference; fileEncoding = 4; lastKnownFileType = sourcecode.c.h; path = "SimulateData+ScoreDeduction.h"; sourceTree = "<group>"; };
		260493EA1F6B82090035E2E8 /* SimulateData+ScoreDeduction.m */ = {isa = PBXFileReference; fileEncoding = 4; lastKnownFileType = sourcecode.c.objc; path = "SimulateData+ScoreDeduction.m"; sourceTree = "<group>"; };
		260493EB1F6B82090035E2E8 /* UpgradeInfoObj.h */ = {isa = PBXFileReference; fileEncoding = 4; lastKnownFileType = sourcecode.c.h; path = UpgradeInfoObj.h; sourceTree = "<group>"; };
		260493EC1F6B82090035E2E8 /* UpgradeInfoObj.m */ = {isa = PBXFileReference; fileEncoding = 4; lastKnownFileType = sourcecode.c.objc; path = UpgradeInfoObj.m; sourceTree = "<group>"; };
		260493F11F6B82120035E2E8 /* FontColor.h */ = {isa = PBXFileReference; fileEncoding = 4; lastKnownFileType = sourcecode.c.h; path = FontColor.h; sourceTree = "<group>"; };
		260493F21F6B82120035E2E8 /* FontColor.m */ = {isa = PBXFileReference; fileEncoding = 4; lastKnownFileType = sourcecode.c.objc; path = FontColor.m; sourceTree = "<group>"; };
		260493F31F6B82120035E2E8 /* Tool.h */ = {isa = PBXFileReference; fileEncoding = 4; lastKnownFileType = sourcecode.c.h; path = Tool.h; sourceTree = "<group>"; };
		260493F41F6B82120035E2E8 /* Tool.m */ = {isa = PBXFileReference; fileEncoding = 4; lastKnownFileType = sourcecode.c.objc; path = Tool.m; sourceTree = "<group>"; };
		260493F71F6B821B0035E2E8 /* SLPUnderlineButton.h */ = {isa = PBXFileReference; fileEncoding = 4; lastKnownFileType = sourcecode.c.h; path = SLPUnderlineButton.h; sourceTree = "<group>"; };
		260493F81F6B821B0035E2E8 /* SLPUnderlineButton.m */ = {isa = PBXFileReference; fileEncoding = 4; lastKnownFileType = sourcecode.c.objc; path = SLPUnderlineButton.m; sourceTree = "<group>"; };
		261E9F821F690D7D0044BF3C /* PillowSDKDemo.app */ = {isa = PBXFileReference; explicitFileType = wrapper.application; includeInIndex = 0; path = PillowSDKDemo.app; sourceTree = BUILT_PRODUCTS_DIR; };
		261E9F861F690D7D0044BF3C /* main.m */ = {isa = PBXFileReference; lastKnownFileType = sourcecode.c.objc; path = main.m; sourceTree = "<group>"; };
		261E9F881F690D7D0044BF3C /* AppDelegate.h */ = {isa = PBXFileReference; lastKnownFileType = sourcecode.c.h; path = AppDelegate.h; sourceTree = "<group>"; };
		261E9F891F690D7D0044BF3C /* AppDelegate.m */ = {isa = PBXFileReference; lastKnownFileType = sourcecode.c.objc; path = AppDelegate.m; sourceTree = "<group>"; };
		261E9F911F690D7D0044BF3C /* Assets.xcassets */ = {isa = PBXFileReference; lastKnownFileType = folder.assetcatalog; path = Assets.xcassets; sourceTree = "<group>"; };
		261E9F941F690D7D0044BF3C /* Base */ = {isa = PBXFileReference; lastKnownFileType = file.storyboard; name = Base; path = Base.lproj/LaunchScreen.storyboard; sourceTree = "<group>"; };
		261E9F961F690D7D0044BF3C /* Info.plist */ = {isa = PBXFileReference; lastKnownFileType = text.plist.xml; path = Info.plist; sourceTree = "<group>"; };
		261E9F9B1F690D7E0044BF3C /* PillowSDKDemoTests.xctest */ = {isa = PBXFileReference; explicitFileType = wrapper.cfbundle; includeInIndex = 0; path = PillowSDKDemoTests.xctest; sourceTree = BUILT_PRODUCTS_DIR; };
		261E9F9F1F690D7E0044BF3C /* PillowSDKDemoTests.m */ = {isa = PBXFileReference; lastKnownFileType = sourcecode.c.objc; path = PillowSDKDemoTests.m; sourceTree = "<group>"; };
		261E9FA11F690D7E0044BF3C /* Info.plist */ = {isa = PBXFileReference; lastKnownFileType = text.plist.xml; path = Info.plist; sourceTree = "<group>"; };
		261E9FA61F690D7E0044BF3C /* PillowSDKDemoUITests.xctest */ = {isa = PBXFileReference; explicitFileType = wrapper.cfbundle; includeInIndex = 0; path = PillowSDKDemoUITests.xctest; sourceTree = BUILT_PRODUCTS_DIR; };
		261E9FAA1F690D7E0044BF3C /* PillowSDKDemoUITests.m */ = {isa = PBXFileReference; lastKnownFileType = sourcecode.c.objc; path = PillowSDKDemoUITests.m; sourceTree = "<group>"; };
		261E9FAC1F690D7E0044BF3C /* Info.plist */ = {isa = PBXFileReference; lastKnownFileType = text.plist.xml; path = Info.plist; sourceTree = "<group>"; };
		261E9FB81F690F050044BF3C /* Default-568h@2x.png */ = {isa = PBXFileReference; lastKnownFileType = image.png; path = "Default-568h@2x.png"; sourceTree = "<group>"; };
		261E9FB91F690F050044BF3C /* Default-667h@2x.png */ = {isa = PBXFileReference; lastKnownFileType = image.png; path = "Default-667h@2x.png"; sourceTree = "<group>"; };
		261E9FBA1F690F050044BF3C /* Default-736h@3x.png */ = {isa = PBXFileReference; lastKnownFileType = image.png; path = "Default-736h@3x.png"; sourceTree = "<group>"; };
		261E9FBB1F690F050044BF3C /* Default@2x.png */ = {isa = PBXFileReference; lastKnownFileType = image.png; path = "Default@2x.png"; sourceTree = "<group>"; };
		261E9FC01F690F0E0044BF3C /* PrefixHeader.pch */ = {isa = PBXFileReference; fileEncoding = 4; lastKnownFileType = sourcecode.c.h; path = PrefixHeader.pch; sourceTree = "<group>"; };
		261E9FCD1F690F0E0044BF3C /* about_logo@2x.png */ = {isa = PBXFileReference; lastKnownFileType = image.png; path = "about_logo@2x.png"; sourceTree = "<group>"; };
		261E9FCE1F690F0E0044BF3C /* control@2x.png */ = {isa = PBXFileReference; lastKnownFileType = image.png; path = "control@2x.png"; sourceTree = "<group>"; };
		261E9FCF1F690F0E0044BF3C /* control@3x.png */ = {isa = PBXFileReference; lastKnownFileType = image.png; path = "control@3x.png"; sourceTree = "<group>"; };
		261E9FD01F690F0E0044BF3C /* data@2x.png */ = {isa = PBXFileReference; lastKnownFileType = image.png; path = "data@2x.png"; sourceTree = "<group>"; };
		261E9FD11F690F0E0044BF3C /* data@3x.png */ = {isa = PBXFileReference; lastKnownFileType = image.png; path = "data@3x.png"; sourceTree = "<group>"; };
		261E9FD21F690F0E0044BF3C /* device_btn_refresh_nor@2x.png */ = {isa = PBXFileReference; lastKnownFileType = image.png; path = "device_btn_refresh_nor@2x.png"; sourceTree = "<group>"; };
		261E9FD31F690F0E0044BF3C /* device_btn_refresh_nor@3x.png */ = {isa = PBXFileReference; lastKnownFileType = image.png; path = "device_btn_refresh_nor@3x.png"; sourceTree = "<group>"; };
		261E9FD41F690F0E0044BF3C /* heart_stop_s@2x.png */ = {isa = PBXFileReference; lastKnownFileType = image.png; path = "heart_stop_s@2x.png"; sourceTree = "<group>"; };
		261E9FD51F690F0E0044BF3C /* heart_stop_s@3x.png */ = {isa = PBXFileReference; lastKnownFileType = image.png; path = "heart_stop_s@3x.png"; sourceTree = "<group>"; };
		261E9FD61F690F0E0044BF3C /* home@2x.png */ = {isa = PBXFileReference; lastKnownFileType = image.png; path = "home@2x.png"; sourceTree = "<group>"; };
		261E9FD71F690F0E0044BF3C /* home@3x.png */ = {isa = PBXFileReference; lastKnownFileType = image.png; path = "home@3x.png"; sourceTree = "<group>"; };
		261E9FD81F690F0E0044BF3C /* huxi_3-177@2x.png */ = {isa = PBXFileReference; lastKnownFileType = image.png; path = "huxi_3-177@2x.png"; sourceTree = "<group>"; };
		261E9FD91F690F0E0044BF3C /* huxi_3-177@3x.png */ = {isa = PBXFileReference; lastKnownFileType = image.png; path = "huxi_3-177@3x.png"; sourceTree = "<group>"; };
		261E9FDA1F690F0E0044BF3C /* leavebed_sm@2x.png */ = {isa = PBXFileReference; lastKnownFileType = image.png; path = "leavebed_sm@2x.png"; sourceTree = "<group>"; };
		261E9FDB1F690F0E0044BF3C /* leavebed_sm@3x.png */ = {isa = PBXFileReference; lastKnownFileType = image.png; path = "leavebed_sm@3x.png"; sourceTree = "<group>"; };
		261E9FDC1F690F0E0044BF3C /* moon@2x.png */ = {isa = PBXFileReference; lastKnownFileType = image.png; path = "moon@2x.png"; sourceTree = "<group>"; };
		261E9FDD1F690F0E0044BF3C /* moon@3x.png */ = {isa = PBXFileReference; lastKnownFileType = image.png; path = "moon@3x.png"; sourceTree = "<group>"; };
		261E9FDE1F690F0E0044BF3C /* sun@2x.png */ = {isa = PBXFileReference; lastKnownFileType = image.png; path = "sun@2x.png"; sourceTree = "<group>"; };
		261E9FDF1F690F0E0044BF3C /* sun@3x.png */ = {isa = PBXFileReference; lastKnownFileType = image.png; path = "sun@3x.png"; sourceTree = "<group>"; };
		261E9FE01F690F0E0044BF3C /* tab_btn_scenes_home@2x.png */ = {isa = PBXFileReference; lastKnownFileType = image.png; path = "tab_btn_scenes_home@2x.png"; sourceTree = "<group>"; };
		261E9FE11F690F0E0044BF3C /* tab_btn_scenes_home@3x.png */ = {isa = PBXFileReference; lastKnownFileType = image.png; path = "tab_btn_scenes_home@3x.png"; sourceTree = "<group>"; };
		261EA0DD1F690FB90044BF3C /* Define.h */ = {isa = PBXFileReference; fileEncoding = 4; lastKnownFileType = sourcecode.c.h; path = Define.h; sourceTree = "<group>"; };
		261EA0DE1F690FB90044BF3C /* FixTimeView.h */ = {isa = PBXFileReference; fileEncoding = 4; lastKnownFileType = sourcecode.c.h; path = FixTimeView.h; sourceTree = "<group>"; };
		261EA0DF1F690FB90044BF3C /* FixTimeView.m */ = {isa = PBXFileReference; fileEncoding = 4; lastKnownFileType = sourcecode.c.objc; path = FixTimeView.m; sourceTree = "<group>"; };
		261EA0E01F690FB90044BF3C /* FixView.h */ = {isa = PBXFileReference; fileEncoding = 4; lastKnownFileType = sourcecode.c.h; path = FixView.h; sourceTree = "<group>"; };
		261EA0E11F690FB90044BF3C /* FixView.m */ = {isa = PBXFileReference; fileEncoding = 4; lastKnownFileType = sourcecode.c.objc; path = FixView.m; sourceTree = "<group>"; };
		261EA0E21F690FB90044BF3C /* HeartCurveView.h */ = {isa = PBXFileReference; fileEncoding = 4; lastKnownFileType = sourcecode.c.h; path = HeartCurveView.h; sourceTree = "<group>"; };
		261EA0E31F690FB90044BF3C /* HeartCurveView.m */ = {isa = PBXFileReference; fileEncoding = 4; lastKnownFileType = sourcecode.c.objc; path = HeartCurveView.m; sourceTree = "<group>"; };
		261EA0E51F690FB90044BF3C /* NSObject+SBJson.h */ = {isa = PBXFileReference; fileEncoding = 4; lastKnownFileType = sourcecode.c.h; path = "NSObject+SBJson.h"; sourceTree = "<group>"; };
		261EA0E61F690FB90044BF3C /* NSObject+SBJson.m */ = {isa = PBXFileReference; fileEncoding = 4; lastKnownFileType = sourcecode.c.objc; path = "NSObject+SBJson.m"; sourceTree = "<group>"; };
		261EA0E71F690FB90044BF3C /* SBJson.h */ = {isa = PBXFileReference; fileEncoding = 4; lastKnownFileType = sourcecode.c.h; path = SBJson.h; sourceTree = "<group>"; };
		261EA0E81F690FB90044BF3C /* SBJson.m */ = {isa = PBXFileReference; fileEncoding = 4; lastKnownFileType = sourcecode.c.objc; path = SBJson.m; sourceTree = "<group>"; };
		261EA0E91F690FB90044BF3C /* SBJsonParser.h */ = {isa = PBXFileReference; fileEncoding = 4; lastKnownFileType = sourcecode.c.h; path = SBJsonParser.h; sourceTree = "<group>"; };
		261EA0EA1F690FB90044BF3C /* SBJsonParser.m */ = {isa = PBXFileReference; fileEncoding = 4; lastKnownFileType = sourcecode.c.objc; path = SBJsonParser.m; sourceTree = "<group>"; };
		261EA0EB1F690FB90044BF3C /* SBJsonStreamParser.h */ = {isa = PBXFileReference; fileEncoding = 4; lastKnownFileType = sourcecode.c.h; path = SBJsonStreamParser.h; sourceTree = "<group>"; };
		261EA0EC1F690FB90044BF3C /* SBJsonStreamParser.m */ = {isa = PBXFileReference; fileEncoding = 4; lastKnownFileType = sourcecode.c.objc; path = SBJsonStreamParser.m; sourceTree = "<group>"; };
		261EA0ED1F690FB90044BF3C /* SBJsonStreamParserAccumulator.h */ = {isa = PBXFileReference; fileEncoding = 4; lastKnownFileType = sourcecode.c.h; path = SBJsonStreamParserAccumulator.h; sourceTree = "<group>"; };
		261EA0EE1F690FB90044BF3C /* SBJsonStreamParserAccumulator.m */ = {isa = PBXFileReference; fileEncoding = 4; lastKnownFileType = sourcecode.c.objc; path = SBJsonStreamParserAccumulator.m; sourceTree = "<group>"; };
		261EA0EF1F690FB90044BF3C /* SBJsonStreamParserAdapter.h */ = {isa = PBXFileReference; fileEncoding = 4; lastKnownFileType = sourcecode.c.h; path = SBJsonStreamParserAdapter.h; sourceTree = "<group>"; };
		261EA0F01F690FB90044BF3C /* SBJsonStreamParserAdapter.m */ = {isa = PBXFileReference; fileEncoding = 4; lastKnownFileType = sourcecode.c.objc; path = SBJsonStreamParserAdapter.m; sourceTree = "<group>"; };
		261EA0F11F690FB90044BF3C /* SBJsonStreamParserState.h */ = {isa = PBXFileReference; fileEncoding = 4; lastKnownFileType = sourcecode.c.h; path = SBJsonStreamParserState.h; sourceTree = "<group>"; };
		261EA0F21F690FB90044BF3C /* SBJsonStreamParserState.m */ = {isa = PBXFileReference; fileEncoding = 4; lastKnownFileType = sourcecode.c.objc; path = SBJsonStreamParserState.m; sourceTree = "<group>"; };
		261EA0F31F690FB90044BF3C /* SBJsonStreamWriter.h */ = {isa = PBXFileReference; fileEncoding = 4; lastKnownFileType = sourcecode.c.h; path = SBJsonStreamWriter.h; sourceTree = "<group>"; };
		261EA0F41F690FB90044BF3C /* SBJsonStreamWriter.m */ = {isa = PBXFileReference; fileEncoding = 4; lastKnownFileType = sourcecode.c.objc; path = SBJsonStreamWriter.m; sourceTree = "<group>"; };
		261EA0F51F690FB90044BF3C /* SBJsonStreamWriterAccumulator.h */ = {isa = PBXFileReference; fileEncoding = 4; lastKnownFileType = sourcecode.c.h; path = SBJsonStreamWriterAccumulator.h; sourceTree = "<group>"; };
		261EA0F61F690FB90044BF3C /* SBJsonStreamWriterAccumulator.m */ = {isa = PBXFileReference; fileEncoding = 4; lastKnownFileType = sourcecode.c.objc; path = SBJsonStreamWriterAccumulator.m; sourceTree = "<group>"; };
		261EA0F71F690FB90044BF3C /* SBJsonStreamWriterState.h */ = {isa = PBXFileReference; fileEncoding = 4; lastKnownFileType = sourcecode.c.h; path = SBJsonStreamWriterState.h; sourceTree = "<group>"; };
		261EA0F81F690FB90044BF3C /* SBJsonStreamWriterState.m */ = {isa = PBXFileReference; fileEncoding = 4; lastKnownFileType = sourcecode.c.objc; path = SBJsonStreamWriterState.m; sourceTree = "<group>"; };
		261EA0F91F690FB90044BF3C /* SBJsonTokeniser.h */ = {isa = PBXFileReference; fileEncoding = 4; lastKnownFileType = sourcecode.c.h; path = SBJsonTokeniser.h; sourceTree = "<group>"; };
		261EA0FA1F690FB90044BF3C /* SBJsonTokeniser.m */ = {isa = PBXFileReference; fileEncoding = 4; lastKnownFileType = sourcecode.c.objc; path = SBJsonTokeniser.m; sourceTree = "<group>"; };
		261EA0FB1F690FB90044BF3C /* SBJsonUTF8Stream.h */ = {isa = PBXFileReference; fileEncoding = 4; lastKnownFileType = sourcecode.c.h; path = SBJsonUTF8Stream.h; sourceTree = "<group>"; };
		261EA0FC1F690FB90044BF3C /* SBJsonUTF8Stream.m */ = {isa = PBXFileReference; fileEncoding = 4; lastKnownFileType = sourcecode.c.objc; path = SBJsonUTF8Stream.m; sourceTree = "<group>"; };
		261EA0FD1F690FB90044BF3C /* SBJsonWriter.h */ = {isa = PBXFileReference; fileEncoding = 4; lastKnownFileType = sourcecode.c.h; path = SBJsonWriter.h; sourceTree = "<group>"; };
		261EA0FE1F690FB90044BF3C /* SBJsonWriter.m */ = {isa = PBXFileReference; fileEncoding = 4; lastKnownFileType = sourcecode.c.objc; path = SBJsonWriter.m; sourceTree = "<group>"; };
		261EA0FF1F690FB90044BF3C /* SleepView.h */ = {isa = PBXFileReference; fileEncoding = 4; lastKnownFileType = sourcecode.c.h; path = SleepView.h; sourceTree = "<group>"; };
		261EA1001F690FB90044BF3C /* SleepView.m */ = {isa = PBXFileReference; fileEncoding = 4; lastKnownFileType = sourcecode.c.objc; path = SleepView.m; sourceTree = "<group>"; };
		261EA1011F690FB90044BF3C /* ToolKit.h */ = {isa = PBXFileReference; fileEncoding = 4; lastKnownFileType = sourcecode.c.h; path = ToolKit.h; sourceTree = "<group>"; };
		261EA1021F690FB90044BF3C /* ToolKit.m */ = {isa = PBXFileReference; fileEncoding = 4; lastKnownFileType = sourcecode.c.objc; path = ToolKit.m; sourceTree = "<group>"; };
		261EA1031F690FB90044BF3C /* UserObj.h */ = {isa = PBXFileReference; fileEncoding = 4; lastKnownFileType = sourcecode.c.h; path = UserObj.h; sourceTree = "<group>"; };
		261EA1041F690FB90044BF3C /* UserObj.m */ = {isa = PBXFileReference; fileEncoding = 4; lastKnownFileType = sourcecode.c.objc; path = UserObj.m; sourceTree = "<group>"; };
		261EA1351F690FF40044BF3C /* SLPTitleValueArrowTableViewCell.h */ = {isa = PBXFileReference; fileEncoding = 4; lastKnownFileType = sourcecode.c.h; name = SLPTitleValueArrowTableViewCell.h; path = ../Operation/SLPTitleValueArrowTableViewCell.h; sourceTree = "<group>"; };
		261EA1361F690FF40044BF3C /* SLPTitleValueArrowTableViewCell.m */ = {isa = PBXFileReference; fileEncoding = 4; lastKnownFileType = sourcecode.c.objc; name = SLPTitleValueArrowTableViewCell.m; path = ../Operation/SLPTitleValueArrowTableViewCell.m; sourceTree = "<group>"; };
		261EA1371F690FF40044BF3C /* SLPTitleValueArrowTableViewCell.xib */ = {isa = PBXFileReference; fileEncoding = 4; lastKnownFileType = file.xib; name = SLPTitleValueArrowTableViewCell.xib; path = ../Operation/SLPTitleValueArrowTableViewCell.xib; sourceTree = "<group>"; };
		261EA13A1F6910010044BF3C /* StartViewController.h */ = {isa = PBXFileReference; fileEncoding = 4; lastKnownFileType = sourcecode.c.h; path = StartViewController.h; sourceTree = "<group>"; };
		261EA13B1F6910010044BF3C /* StartViewController.m */ = {isa = PBXFileReference; fileEncoding = 4; lastKnownFileType = sourcecode.c.objc; path = StartViewController.m; sourceTree = "<group>"; };
		261EA13C1F6910010044BF3C /* StartViewController.xib */ = {isa = PBXFileReference; fileEncoding = 4; lastKnownFileType = file.xib; path = StartViewController.xib; sourceTree = "<group>"; };
		261EA14A1F6910080044BF3C /* LICENSE */ = {isa = PBXFileReference; fileEncoding = 4; lastKnownFileType = text; path = LICENSE; sourceTree = "<group>"; };
		261EA14B1F6910080044BF3C /* MBProgressHUD.h */ = {isa = PBXFileReference; fileEncoding = 4; lastKnownFileType = sourcecode.c.h; path = MBProgressHUD.h; sourceTree = "<group>"; };
		261EA14C1F6910080044BF3C /* MBProgressHUD.m */ = {isa = PBXFileReference; fileEncoding = 4; lastKnownFileType = sourcecode.c.objc; path = MBProgressHUD.m; sourceTree = "<group>"; };
		261EA14D1F6910080044BF3C /* README.mdown */ = {isa = PBXFileReference; fileEncoding = 4; lastKnownFileType = net.daringfireball.markdown; path = README.mdown; sourceTree = "<group>"; };
		261EA1551F6910B10044BF3C /* ControlViewController.h */ = {isa = PBXFileReference; fileEncoding = 4; lastKnownFileType = sourcecode.c.h; path = ControlViewController.h; sourceTree = "<group>"; };
		261EA1561F6910B10044BF3C /* ControlViewController.m */ = {isa = PBXFileReference; fileEncoding = 4; lastKnownFileType = sourcecode.c.objc; path = ControlViewController.m; sourceTree = "<group>"; };
		261EA1571F6910B10044BF3C /* ControlViewController.xib */ = {isa = PBXFileReference; fileEncoding = 4; lastKnownFileType = file.xib; path = ControlViewController.xib; sourceTree = "<group>"; };
		261EA1581F6910B10044BF3C /* DataViewController.h */ = {isa = PBXFileReference; fileEncoding = 4; lastKnownFileType = sourcecode.c.h; path = DataViewController.h; sourceTree = "<group>"; };
		261EA1591F6910B10044BF3C /* DataViewController.m */ = {isa = PBXFileReference; fileEncoding = 4; lastKnownFileType = sourcecode.c.objc; path = DataViewController.m; sourceTree = "<group>"; };
		261EA15A1F6910B10044BF3C /* DataViewController.xib */ = {isa = PBXFileReference; fileEncoding = 4; lastKnownFileType = file.xib; path = DataViewController.xib; sourceTree = "<group>"; };
		261EA15B1F6910B10044BF3C /* DeviceViewController.h */ = {isa = PBXFileReference; fileEncoding = 4; lastKnownFileType = sourcecode.c.h; path = DeviceViewController.h; sourceTree = "<group>"; };
		261EA15C1F6910B10044BF3C /* DeviceViewController.m */ = {isa = PBXFileReference; fileEncoding = 4; lastKnownFileType = sourcecode.c.objc; path = DeviceViewController.m; sourceTree = "<group>"; };
		261EA15D1F6910B10044BF3C /* DeviceViewController.xib */ = {isa = PBXFileReference; fileEncoding = 4; lastKnownFileType = file.xib; path = DeviceViewController.xib; sourceTree = "<group>"; };
		261EA1651F69114F0044BF3C /* en */ = {isa = PBXFileReference; lastKnownFileType = text.plist.strings; name = en; path = en.lproj/Localizable.strings; sourceTree = "<group>"; };
		261EA1671F6911540044BF3C /* zh-Hans */ = {isa = PBXFileReference; lastKnownFileType = text.plist.strings; name = "zh-Hans"; path = "zh-Hans.lproj/Localizable.strings"; sourceTree = "<group>"; };
		269449301F7C9BCB006A215F /* sdk_pillow_80.png */ = {isa = PBXFileReference; lastKnownFileType = image.png; path = sdk_pillow_80.png; sourceTree = "<group>"; };
		26B41BAB1F7DE01C0003994A /* sdk_index_icon_pillow@2x.png */ = {isa = PBXFileReference; lastKnownFileType = image.png; path = "sdk_index_icon_pillow@2x.png"; sourceTree = "<group>"; };
		26B41BAC1F7DE01C0003994A /* sdk_index_icon_pillow@3x.png */ = {isa = PBXFileReference; lastKnownFileType = image.png; path = "sdk_index_icon_pillow@3x.png"; sourceTree = "<group>"; };
		26B4CEFF1F69280500E7EDD1 /* libc++.tbd */ = {isa = PBXFileReference; lastKnownFileType = "sourcecode.text-based-dylib-definition"; name = "libc++.tbd"; path = "usr/lib/libc++.tbd"; sourceTree = SDKROOT; };
		26EEAB0E242B24AE000FD4AB /* BluetoothManager.framework */ = {isa = PBXFileReference; lastKnownFileType = wrapper.framework; path = BluetoothManager.framework; sourceTree = "<group>"; };
		26EEAB0F242B24AE000FD4AB /* Pillow.framework */ = {isa = PBXFileReference; lastKnownFileType = wrapper.framework; path = Pillow.framework; sourceTree = "<group>"; };
		26EEAB10242B24AE000FD4AB /* SLPCommon.framework */ = {isa = PBXFileReference; lastKnownFileType = wrapper.framework; path = SLPCommon.framework; sourceTree = "<group>"; };
		8F2ACC7826F5AF8500F63034 /* MusicInfo.m */ = {isa = PBXFileReference; fileEncoding = 4; lastKnownFileType = sourcecode.c.objc; path = MusicInfo.m; sourceTree = "<group>"; };
		8F2ACC7926F5AF8500F63034 /* MusicInfo.h */ = {isa = PBXFileReference; fileEncoding = 4; lastKnownFileType = sourcecode.c.h; path = MusicInfo.h; sourceTree = "<group>"; };
		8F2ACC8026F5B1C800F63034 /* MusicListViewController.xib */ = {isa = PBXFileReference; fileEncoding = 4; lastKnownFileType = file.xib; path = MusicListViewController.xib; sourceTree = "<group>"; };
		8F2ACC8126F5B1C800F63034 /* MusicListViewController.h */ = {isa = PBXFileReference; fileEncoding = 4; lastKnownFileType = sourcecode.c.h; path = MusicListViewController.h; sourceTree = "<group>"; };
		8F2ACC8226F5B1C800F63034 /* MusicListViewController.m */ = {isa = PBXFileReference; fileEncoding = 4; lastKnownFileType = sourcecode.c.objc; path = MusicListViewController.m; sourceTree = "<group>"; };
		8F2ACC8526F5B25200F63034 /* SelectItemCell.m */ = {isa = PBXFileReference; fileEncoding = 4; lastKnownFileType = sourcecode.c.objc; path = SelectItemCell.m; sourceTree = "<group>"; };
		8F2ACC8626F5B25200F63034 /* SelectItemCell.xib */ = {isa = PBXFileReference; fileEncoding = 4; lastKnownFileType = file.xib; path = SelectItemCell.xib; sourceTree = "<group>"; };
		8F2ACC8726F5B25200F63034 /* SelectItemCell.h */ = {isa = PBXFileReference; fileEncoding = 4; lastKnownFileType = sourcecode.c.h; path = SelectItemCell.h; sourceTree = "<group>"; };
		8F2ACC8B26F5B6D400F63034 /* Theme.h */ = {isa = PBXFileReference; fileEncoding = 4; lastKnownFileType = sourcecode.c.h; path = Theme.h; sourceTree = "<group>"; };
		8F2ACC8C26F5B6D400F63034 /* Theme.m */ = {isa = PBXFileReference; fileEncoding = 4; lastKnownFileType = sourcecode.c.objc; path = Theme.m; sourceTree = "<group>"; };
		8F2ACC8E26F5B6FD00F63034 /* BaseTableViewCell.h */ = {isa = PBXFileReference; fileEncoding = 4; lastKnownFileType = sourcecode.c.h; path = BaseTableViewCell.h; sourceTree = "<group>"; };
		8F2ACC8F26F5B6FD00F63034 /* BaseTableViewCell.m */ = {isa = PBXFileReference; fileEncoding = 4; lastKnownFileType = sourcecode.c.objc; path = BaseTableViewCell.m; sourceTree = "<group>"; };
		8FA4886226F49841003F13D5 /* SleepAidViewController.h */ = {isa = PBXFileReference; lastKnownFileType = sourcecode.c.h; path = SleepAidViewController.h; sourceTree = "<group>"; };
		8FA4886326F49841003F13D5 /* SleepAidViewController.m */ = {isa = PBXFileReference; lastKnownFileType = sourcecode.c.objc; path = SleepAidViewController.m; sourceTree = "<group>"; };
		8FA4886426F49841003F13D5 /* SleepAidViewController.xib */ = {isa = PBXFileReference; lastKnownFileType = file.xib; path = SleepAidViewController.xib; sourceTree = "<group>"; };
		8FB262E526FABBB700E63F4B /* SettingsViewController.h */ = {isa = PBXFileReference; lastKnownFileType = sourcecode.c.h; path = SettingsViewController.h; sourceTree = "<group>"; };
		8FB262E626FABBB700E63F4B /* SettingsViewController.m */ = {isa = PBXFileReference; lastKnownFileType = sourcecode.c.objc; path = SettingsViewController.m; sourceTree = "<group>"; };
		8FB262E726FABBB700E63F4B /* SettingsViewController.xib */ = {isa = PBXFileReference; lastKnownFileType = file.xib; path = SettingsViewController.xib; sourceTree = "<group>"; };
		8FB262EA26FAC1D900E63F4B /* BLEMuiscViewController.h */ = {isa = PBXFileReference; lastKnownFileType = sourcecode.c.h; path = BLEMuiscViewController.h; sourceTree = "<group>"; };
		8FB262EB26FAC1D900E63F4B /* BLEMuiscViewController.m */ = {isa = PBXFileReference; lastKnownFileType = sourcecode.c.objc; path = BLEMuiscViewController.m; sourceTree = "<group>"; };
		8FB262EC26FAC1D900E63F4B /* BLEMuiscViewController.xib */ = {isa = PBXFileReference; lastKnownFileType = file.xib; path = BLEMuiscViewController.xib; sourceTree = "<group>"; };
		8FB262EF26FAC21A00E63F4B /* AlarmListViewController.h */ = {isa = PBXFileReference; lastKnownFileType = sourcecode.c.h; path = AlarmListViewController.h; sourceTree = "<group>"; };
		8FB262F026FAC21A00E63F4B /* AlarmListViewController.m */ = {isa = PBXFileReference; lastKnownFileType = sourcecode.c.objc; path = AlarmListViewController.m; sourceTree = "<group>"; };
		8FB262F126FAC21A00E63F4B /* AlarmListViewController.xib */ = {isa = PBXFileReference; lastKnownFileType = file.xib; path = AlarmListViewController.xib; sourceTree = "<group>"; };
		8FB262F426FAC22900E63F4B /* AlarmViewController.h */ = {isa = PBXFileReference; lastKnownFileType = sourcecode.c.h; path = AlarmViewController.h; sourceTree = "<group>"; };
		8FB262F526FAC22900E63F4B /* AlarmViewController.m */ = {isa = PBXFileReference; lastKnownFileType = sourcecode.c.objc; path = AlarmViewController.m; sourceTree = "<group>"; };
		8FB262F626FAC22900E63F4B /* AlarmViewController.xib */ = {isa = PBXFileReference; lastKnownFileType = file.xib; path = AlarmViewController.xib; sourceTree = "<group>"; };
		A4424B84231537CC0002D35B /* P200A_HP00X_20190827_V1.11(0.0.2)_Release_Update.des */ = {isa = PBXFileReference; lastKnownFileType = file; path = "P200A_HP00X_20190827_V1.11(0.0.2)_Release_Update.des"; sourceTree = "<group>"; };
/* End PBXFileReference section */

/* Begin PBXFrameworksBuildPhase section */
		261E9F7F1F690D7D0044BF3C /* Frameworks */ = {
			isa = PBXFrameworksBuildPhase;
			buildActionMask = 2147483647;
			files = (
				26EEAB12242B24AE000FD4AB /* Pillow.framework in Frameworks */,
				26B4CF031F6929D500E7EDD1 /* libc++.tbd in Frameworks */,
				26EEAB11242B24AE000FD4AB /* BluetoothManager.framework in Frameworks */,
				26EEAB13242B24AE000FD4AB /* SLPCommon.framework in Frameworks */,
			);
			runOnlyForDeploymentPostprocessing = 0;
		};
		261E9F981F690D7E0044BF3C /* Frameworks */ = {
			isa = PBXFrameworksBuildPhase;
			buildActionMask = 2147483647;
			files = (
			);
			runOnlyForDeploymentPostprocessing = 0;
		};
		261E9FA31F690D7E0044BF3C /* Frameworks */ = {
			isa = PBXFrameworksBuildPhase;
			buildActionMask = 2147483647;
			files = (
			);
			runOnlyForDeploymentPostprocessing = 0;
		};
/* End PBXFrameworksBuildPhase section */

/* Begin PBXGroup section */
		260493701F6B7C250035E2E8 /* Connect */ = {
			isa = PBXGroup;
			children = (
				260493D11F6B81EE0035E2E8 /* ConnectDeviceViewController.h */,
				260493D21F6B81EE0035E2E8 /* ConnectDeviceViewController.m */,
				260493D31F6B81EE0035E2E8 /* ConnectDeviceViewController.xib */,
				260493D41F6B81EE0035E2E8 /* ScanDeviceViewController.h */,
				260493D51F6B81EE0035E2E8 /* ScanDeviceViewController.m */,
				260493D61F6B81EE0035E2E8 /* ScanDeviceViewController.xib */,
			);
			path = Connect;
			sourceTree = "<group>";
		};
		260493711F6B7C640035E2E8 /* Data */ = {
			isa = PBXGroup;
			children = (
				8F2ACC7926F5AF8500F63034 /* MusicInfo.h */,
				8F2ACC7826F5AF8500F63034 /* MusicInfo.m */,
				260493E51F6B82090035E2E8 /* DealWithData.h */,
				260493E61F6B82090035E2E8 /* DealWithData.m */,
				260493E71F6B82090035E2E8 /* SimulateData.h */,
				260493E81F6B82090035E2E8 /* SimulateData.m */,
				260493E91F6B82090035E2E8 /* SimulateData+ScoreDeduction.h */,
				260493EA1F6B82090035E2E8 /* SimulateData+ScoreDeduction.m */,
				260493EB1F6B82090035E2E8 /* UpgradeInfoObj.h */,
				260493EC1F6B82090035E2E8 /* UpgradeInfoObj.m */,
			);
			path = Data;
			sourceTree = "<group>";
		};
		260493721F6B7C640035E2E8 /* Tool */ = {
			isa = PBXGroup;
			children = (
				260493F11F6B82120035E2E8 /* FontColor.h */,
				260493F21F6B82120035E2E8 /* FontColor.m */,
				260493F31F6B82120035E2E8 /* Tool.h */,
				260493F41F6B82120035E2E8 /* Tool.m */,
			);
			path = Tool;
			sourceTree = "<group>";
		};
		260493731F6B7C640035E2E8 /* CommonUI */ = {
			isa = PBXGroup;
			children = (
				8F2ACC8E26F5B6FD00F63034 /* BaseTableViewCell.h */,
				8F2ACC8F26F5B6FD00F63034 /* BaseTableViewCell.m */,
				8F2ACC8726F5B25200F63034 /* SelectItemCell.h */,
				8F2ACC8526F5B25200F63034 /* SelectItemCell.m */,
				8F2ACC8626F5B25200F63034 /* SelectItemCell.xib */,
				260493F71F6B821B0035E2E8 /* SLPUnderlineButton.h */,
				260493F81F6B821B0035E2E8 /* SLPUnderlineButton.m */,
				261EA1351F690FF40044BF3C /* SLPTitleValueArrowTableViewCell.h */,
				261EA1361F690FF40044BF3C /* SLPTitleValueArrowTableViewCell.m */,
				261EA1371F690FF40044BF3C /* SLPTitleValueArrowTableViewCell.xib */,
			);
			path = CommonUI;
			sourceTree = "<group>";
		};
		261E9F791F690D7D0044BF3C = {
			isa = PBXGroup;
			children = (
				26EEAB0E242B24AE000FD4AB /* BluetoothManager.framework */,
				26EEAB0F242B24AE000FD4AB /* Pillow.framework */,
				26EEAB10242B24AE000FD4AB /* SLPCommon.framework */,
				261EA1491F6910080044BF3C /* MBProgressHUD */,
				261E9F841F690D7D0044BF3C /* PillowSDKDemo */,
				261E9F9E1F690D7E0044BF3C /* PillowSDKDemoTests */,
				261E9FA91F690D7E0044BF3C /* PillowSDKDemoUITests */,
				261E9F831F690D7D0044BF3C /* Products */,
				26B4CEFE1F69280500E7EDD1 /* Frameworks */,
			);
			sourceTree = "<group>";
		};
		261E9F831F690D7D0044BF3C /* Products */ = {
			isa = PBXGroup;
			children = (
				261E9F821F690D7D0044BF3C /* PillowSDKDemo.app */,
				261E9F9B1F690D7E0044BF3C /* PillowSDKDemoTests.xctest */,
				261E9FA61F690D7E0044BF3C /* PillowSDKDemoUITests.xctest */,
			);
			name = Products;
			sourceTree = "<group>";
		};
		261E9F841F690D7D0044BF3C /* PillowSDKDemo */ = {
			isa = PBXGroup;
			children = (
				8F2ACC8A26F5B6D400F63034 /* Theme */,
				261E9F881F690D7D0044BF3C /* AppDelegate.h */,
				261E9F891F690D7D0044BF3C /* AppDelegate.m */,
				261EA13A1F6910010044BF3C /* StartViewController.h */,
				261EA13B1F6910010044BF3C /* StartViewController.m */,
				261EA13C1F6910010044BF3C /* StartViewController.xib */,
				260493701F6B7C250035E2E8 /* Connect */,
				261EA1341F690FF40044BF3C /* Operation */,
				260493711F6B7C640035E2E8 /* Data */,
				260493721F6B7C640035E2E8 /* Tool */,
				260493731F6B7C640035E2E8 /* CommonUI */,
				261EA0DC1F690FB90044BF3C /* Curvive */,
				261E9F911F690D7D0044BF3C /* Assets.xcassets */,
				261E9F931F690D7D0044BF3C /* LaunchScreen.storyboard */,
				261E9F961F690D7D0044BF3C /* Info.plist */,
				261E9F851F690D7D0044BF3C /* Supporting Files */,
			);
			path = PillowSDKDemo;
			sourceTree = "<group>";
		};
		261E9F851F690D7D0044BF3C /* Supporting Files */ = {
			isa = PBXGroup;
			children = (
				261E9FB81F690F050044BF3C /* Default-568h@2x.png */,
				261E9FB91F690F050044BF3C /* Default-667h@2x.png */,
				261E9FBA1F690F050044BF3C /* Default-736h@3x.png */,
				261E9FBB1F690F050044BF3C /* Default@2x.png */,
				269449301F7C9BCB006A215F /* sdk_pillow_80.png */,
				261E9F861F690D7D0044BF3C /* main.m */,
				261E9FC01F690F0E0044BF3C /* PrefixHeader.pch */,
				261E9FC11F690F0E0044BF3C /* package */,
				261E9FCC1F690F0E0044BF3C /* images */,
				261EA1661F69114F0044BF3C /* Localizable.strings */,
			);
			name = "Supporting Files";
			sourceTree = "<group>";
		};
		261E9F9E1F690D7E0044BF3C /* PillowSDKDemoTests */ = {
			isa = PBXGroup;
			children = (
				261E9F9F1F690D7E0044BF3C /* PillowSDKDemoTests.m */,
				261E9FA11F690D7E0044BF3C /* Info.plist */,
			);
			path = PillowSDKDemoTests;
			sourceTree = "<group>";
		};
		261E9FA91F690D7E0044BF3C /* PillowSDKDemoUITests */ = {
			isa = PBXGroup;
			children = (
				261E9FAA1F690D7E0044BF3C /* PillowSDKDemoUITests.m */,
				261E9FAC1F690D7E0044BF3C /* Info.plist */,
			);
			path = PillowSDKDemoUITests;
			sourceTree = "<group>";
		};
		261E9FC11F690F0E0044BF3C /* package */ = {
			isa = PBXGroup;
			children = (
				A4424B84231537CC0002D35B /* P200A_HP00X_20190827_V1.11(0.0.2)_Release_Update.des */,
			);
			path = package;
			sourceTree = "<group>";
		};
		261E9FCC1F690F0E0044BF3C /* images */ = {
			isa = PBXGroup;
			children = (
				261E9FCD1F690F0E0044BF3C /* about_logo@2x.png */,
				261E9FCE1F690F0E0044BF3C /* control@2x.png */,
				261E9FCF1F690F0E0044BF3C /* control@3x.png */,
				261E9FD01F690F0E0044BF3C /* data@2x.png */,
				261E9FD11F690F0E0044BF3C /* data@3x.png */,
				261E9FD21F690F0E0044BF3C /* device_btn_refresh_nor@2x.png */,
				261E9FD31F690F0E0044BF3C /* device_btn_refresh_nor@3x.png */,
				261E9FD41F690F0E0044BF3C /* heart_stop_s@2x.png */,
				261E9FD51F690F0E0044BF3C /* heart_stop_s@3x.png */,
				261E9FD61F690F0E0044BF3C /* home@2x.png */,
				261E9FD71F690F0E0044BF3C /* home@3x.png */,
				261E9FD81F690F0E0044BF3C /* huxi_3-177@2x.png */,
				261E9FD91F690F0E0044BF3C /* huxi_3-177@3x.png */,
				261E9FDA1F690F0E0044BF3C /* leavebed_sm@2x.png */,
				261E9FDB1F690F0E0044BF3C /* leavebed_sm@3x.png */,
				261E9FDC1F690F0E0044BF3C /* moon@2x.png */,
				261E9FDD1F690F0E0044BF3C /* moon@3x.png */,
				261E9FDE1F690F0E0044BF3C /* sun@2x.png */,
				261E9FDF1F690F0E0044BF3C /* sun@3x.png */,
				261E9FE01F690F0E0044BF3C /* tab_btn_scenes_home@2x.png */,
				261E9FE11F690F0E0044BF3C /* tab_btn_scenes_home@3x.png */,
				26B41BAB1F7DE01C0003994A /* sdk_index_icon_pillow@2x.png */,
				26B41BAC1F7DE01C0003994A /* sdk_index_icon_pillow@3x.png */,
			);
			path = images;
			sourceTree = "<group>";
		};
		261EA0DC1F690FB90044BF3C /* Curvive */ = {
			isa = PBXGroup;
			children = (
				261EA0DD1F690FB90044BF3C /* Define.h */,
				261EA0DE1F690FB90044BF3C /* FixTimeView.h */,
				261EA0DF1F690FB90044BF3C /* FixTimeView.m */,
				261EA0E01F690FB90044BF3C /* FixView.h */,
				261EA0E11F690FB90044BF3C /* FixView.m */,
				261EA0E21F690FB90044BF3C /* HeartCurveView.h */,
				261EA0E31F690FB90044BF3C /* HeartCurveView.m */,
				261EA0E41F690FB90044BF3C /* SBJSON */,
				261EA0FF1F690FB90044BF3C /* SleepView.h */,
				261EA1001F690FB90044BF3C /* SleepView.m */,
				261EA1011F690FB90044BF3C /* ToolKit.h */,
				261EA1021F690FB90044BF3C /* ToolKit.m */,
				261EA1031F690FB90044BF3C /* UserObj.h */,
				261EA1041F690FB90044BF3C /* UserObj.m */,
			);
			path = Curvive;
			sourceTree = "<group>";
		};
		261EA0E41F690FB90044BF3C /* SBJSON */ = {
			isa = PBXGroup;
			children = (
				261EA0E51F690FB90044BF3C /* NSObject+SBJson.h */,
				261EA0E61F690FB90044BF3C /* NSObject+SBJson.m */,
				261EA0E71F690FB90044BF3C /* SBJson.h */,
				261EA0E81F690FB90044BF3C /* SBJson.m */,
				261EA0E91F690FB90044BF3C /* SBJsonParser.h */,
				261EA0EA1F690FB90044BF3C /* SBJsonParser.m */,
				261EA0EB1F690FB90044BF3C /* SBJsonStreamParser.h */,
				261EA0EC1F690FB90044BF3C /* SBJsonStreamParser.m */,
				261EA0ED1F690FB90044BF3C /* SBJsonStreamParserAccumulator.h */,
				261EA0EE1F690FB90044BF3C /* SBJsonStreamParserAccumulator.m */,
				261EA0EF1F690FB90044BF3C /* SBJsonStreamParserAdapter.h */,
				261EA0F01F690FB90044BF3C /* SBJsonStreamParserAdapter.m */,
				261EA0F11F690FB90044BF3C /* SBJsonStreamParserState.h */,
				261EA0F21F690FB90044BF3C /* SBJsonStreamParserState.m */,
				261EA0F31F690FB90044BF3C /* SBJsonStreamWriter.h */,
				261EA0F41F690FB90044BF3C /* SBJsonStreamWriter.m */,
				261EA0F51F690FB90044BF3C /* SBJsonStreamWriterAccumulator.h */,
				261EA0F61F690FB90044BF3C /* SBJsonStreamWriterAccumulator.m */,
				261EA0F71F690FB90044BF3C /* SBJsonStreamWriterState.h */,
				261EA0F81F690FB90044BF3C /* SBJsonStreamWriterState.m */,
				261EA0F91F690FB90044BF3C /* SBJsonTokeniser.h */,
				261EA0FA1F690FB90044BF3C /* SBJsonTokeniser.m */,
				261EA0FB1F690FB90044BF3C /* SBJsonUTF8Stream.h */,
				261EA0FC1F690FB90044BF3C /* SBJsonUTF8Stream.m */,
				261EA0FD1F690FB90044BF3C /* SBJsonWriter.h */,
				261EA0FE1F690FB90044BF3C /* SBJsonWriter.m */,
			);
			path = SBJSON;
			sourceTree = "<group>";
		};
		261EA1341F690FF40044BF3C /* Operation */ = {
			isa = PBXGroup;
			children = (
				8F2ACC8126F5B1C800F63034 /* MusicListViewController.h */,
				8F2ACC8226F5B1C800F63034 /* MusicListViewController.m */,
				8F2ACC8026F5B1C800F63034 /* MusicListViewController.xib */,
				261EA15B1F6910B10044BF3C /* DeviceViewController.h */,
				261EA15C1F6910B10044BF3C /* DeviceViewController.m */,
				261EA15D1F6910B10044BF3C /* DeviceViewController.xib */,
				261EA1551F6910B10044BF3C /* ControlViewController.h */,
				261EA1561F6910B10044BF3C /* ControlViewController.m */,
				261EA1571F6910B10044BF3C /* ControlViewController.xib */,
				261EA1581F6910B10044BF3C /* DataViewController.h */,
				261EA1591F6910B10044BF3C /* DataViewController.m */,
				261EA15A1F6910B10044BF3C /* DataViewController.xib */,
				260493DE1F6B81FD0035E2E8 /* SignalViewController.h */,
				260493DF1F6B81FD0035E2E8 /* SignalViewController.m */,
				260493E01F6B81FD0035E2E8 /* SignalViewController.xib */,
				8FA4886226F49841003F13D5 /* SleepAidViewController.h */,
				8FA4886326F49841003F13D5 /* SleepAidViewController.m */,
				8FA4886426F49841003F13D5 /* SleepAidViewController.xib */,
				8FB262E526FABBB700E63F4B /* SettingsViewController.h */,
				8FB262E626FABBB700E63F4B /* SettingsViewController.m */,
				8FB262E726FABBB700E63F4B /* SettingsViewController.xib */,
				8FB262EA26FAC1D900E63F4B /* BLEMuiscViewController.h */,
				8FB262EB26FAC1D900E63F4B /* BLEMuiscViewController.m */,
				8FB262EC26FAC1D900E63F4B /* BLEMuiscViewController.xib */,
				8FB262EF26FAC21A00E63F4B /* AlarmListViewController.h */,
				8FB262F026FAC21A00E63F4B /* AlarmListViewController.m */,
				8FB262F126FAC21A00E63F4B /* AlarmListViewController.xib */,
				8FB262F426FAC22900E63F4B /* AlarmViewController.h */,
				8FB262F526FAC22900E63F4B /* AlarmViewController.m */,
				8FB262F626FAC22900E63F4B /* AlarmViewController.xib */,
			);
			path = Operation;
			sourceTree = "<group>";
		};
		261EA1491F6910080044BF3C /* MBProgressHUD */ = {
			isa = PBXGroup;
			children = (
				261EA14A1F6910080044BF3C /* LICENSE */,
				261EA14B1F6910080044BF3C /* MBProgressHUD.h */,
				261EA14C1F6910080044BF3C /* MBProgressHUD.m */,
				261EA14D1F6910080044BF3C /* README.mdown */,
			);
			path = MBProgressHUD;
			sourceTree = "<group>";
		};
		26B4CEFE1F69280500E7EDD1 /* Frameworks */ = {
			isa = PBXGroup;
			children = (
				26B4CEFF1F69280500E7EDD1 /* libc++.tbd */,
			);
			name = Frameworks;
			sourceTree = "<group>";
		};
		8F2ACC8A26F5B6D400F63034 /* Theme */ = {
			isa = PBXGroup;
			children = (
				8F2ACC8B26F5B6D400F63034 /* Theme.h */,
				8F2ACC8C26F5B6D400F63034 /* Theme.m */,
			);
			path = Theme;
			sourceTree = "<group>";
		};
/* End PBXGroup section */

/* Begin PBXNativeTarget section */
		261E9F811F690D7D0044BF3C /* PillowSDKDemo */ = {
			isa = PBXNativeTarget;
			buildConfigurationList = 261E9FAF1F690D7E0044BF3C /* Build configuration list for PBXNativeTarget "PillowSDKDemo" */;
			buildPhases = (
				261E9F7E1F690D7D0044BF3C /* Sources */,
				261E9F7F1F690D7D0044BF3C /* Frameworks */,
				261E9F801F690D7D0044BF3C /* Resources */,
			);
			buildRules = (
			);
			dependencies = (
			);
			name = PillowSDKDemo;
			productName = PillowSDKDemo;
			productReference = 261E9F821F690D7D0044BF3C /* PillowSDKDemo.app */;
			productType = "com.apple.product-type.application";
		};
		261E9F9A1F690D7E0044BF3C /* PillowSDKDemoTests */ = {
			isa = PBXNativeTarget;
			buildConfigurationList = 261E9FB21F690D7E0044BF3C /* Build configuration list for PBXNativeTarget "PillowSDKDemoTests" */;
			buildPhases = (
				261E9F971F690D7E0044BF3C /* Sources */,
				261E9F981F690D7E0044BF3C /* Frameworks */,
				261E9F991F690D7E0044BF3C /* Resources */,
			);
			buildRules = (
			);
			dependencies = (
				261E9F9D1F690D7E0044BF3C /* PBXTargetDependency */,
			);
			name = PillowSDKDemoTests;
			productName = PillowSDKDemoTests;
			productReference = 261E9F9B1F690D7E0044BF3C /* PillowSDKDemoTests.xctest */;
			productType = "com.apple.product-type.bundle.unit-test";
		};
		261E9FA51F690D7E0044BF3C /* PillowSDKDemoUITests */ = {
			isa = PBXNativeTarget;
			buildConfigurationList = 261E9FB51F690D7E0044BF3C /* Build configuration list for PBXNativeTarget "PillowSDKDemoUITests" */;
			buildPhases = (
				261E9FA21F690D7E0044BF3C /* Sources */,
				261E9FA31F690D7E0044BF3C /* Frameworks */,
				261E9FA41F690D7E0044BF3C /* Resources */,
			);
			buildRules = (
			);
			dependencies = (
				261E9FA81F690D7E0044BF3C /* PBXTargetDependency */,
			);
			name = PillowSDKDemoUITests;
			productName = PillowSDKDemoUITests;
			productReference = 261E9FA61F690D7E0044BF3C /* PillowSDKDemoUITests.xctest */;
			productType = "com.apple.product-type.bundle.ui-testing";
		};
/* End PBXNativeTarget section */

/* Begin PBXProject section */
		261E9F7A1F690D7D0044BF3C /* Project object */ = {
			isa = PBXProject;
			attributes = {
				LastUpgradeCheck = 1030;
				ORGANIZATIONNAME = medica;
				TargetAttributes = {
					261E9F811F690D7D0044BF3C = {
						CreatedOnToolsVersion = 8.3.3;
						DevelopmentTeam = NV3296URNT;
						ProvisioningStyle = Automatic;
					};
					261E9F9A1F690D7E0044BF3C = {
						CreatedOnToolsVersion = 8.3.3;
						DevelopmentTeam = NV3296URNT;
						ProvisioningStyle = Automatic;
						TestTargetID = 261E9F811F690D7D0044BF3C;
					};
					261E9FA51F690D7E0044BF3C = {
						CreatedOnToolsVersion = 8.3.3;
						DevelopmentTeam = NV3296URNT;
						ProvisioningStyle = Automatic;
						TestTargetID = 261E9F811F690D7D0044BF3C;
					};
				};
			};
			buildConfigurationList = 261E9F7D1F690D7D0044BF3C /* Build configuration list for PBXProject "PillowSDKDemo" */;
			compatibilityVersion = "Xcode 3.2";
			developmentRegion = en;
			hasScannedForEncodings = 0;
			knownRegions = (
				en,
				Base,
				"zh-Hans",
			);
			mainGroup = 261E9F791F690D7D0044BF3C;
			productRefGroup = 261E9F831F690D7D0044BF3C /* Products */;
			projectDirPath = "";
			projectRoot = "";
			targets = (
				261E9F811F690D7D0044BF3C /* PillowSDKDemo */,
				261E9F9A1F690D7E0044BF3C /* PillowSDKDemoTests */,
				261E9FA51F690D7E0044BF3C /* PillowSDKDemoUITests */,
			);
		};
/* End PBXProject section */

/* Begin PBXResourcesBuildPhase section */
		261E9F801F690D7D0044BF3C /* Resources */ = {
			isa = PBXResourcesBuildPhase;
			buildActionMask = 2147483647;
			files = (
				8F2ACC8326F5B1C800F63034 /* MusicListViewController.xib in Resources */,
				261E9F951F690D7D0044BF3C /* LaunchScreen.storyboard in Resources */,
				8F2ACC8926F5B25200F63034 /* SelectItemCell.xib in Resources */,
				261E9FF31F690F0E0044BF3C /* device_btn_refresh_nor@3x.png in Resources */,
				8FB262F826FAC22900E63F4B /* AlarmViewController.xib in Resources */,
				261E9FBC1F690F050044BF3C /* Default-568h@2x.png in Resources */,
				261E9F921F690D7D0044BF3C /* Assets.xcassets in Resources */,
				261E9FF71F690F0E0044BF3C /* home@3x.png in Resources */,
				8FB262EE26FAC1D900E63F4B /* BLEMuiscViewController.xib in Resources */,
				261E9FFB1F690F0E0044BF3C /* leavebed_sm@3x.png in Resources */,
				261EA15F1F6910B10044BF3C /* ControlViewController.xib in Resources */,
				261E9FED1F690F0E0044BF3C /* about_logo@2x.png in Resources */,
				8FA4886626F49841003F13D5 /* SleepAidViewController.xib in Resources */,
				261E9FF01F690F0E0044BF3C /* data@2x.png in Resources */,
				261E9FFF1F690F0E0044BF3C /* sun@3x.png in Resources */,
				260493E41F6B81FD0035E2E8 /* SignalViewController.xib in Resources */,
				261E9FF41F690F0E0044BF3C /* heart_stop_s@2x.png in Resources */,
				261E9FEE1F690F0E0044BF3C /* control@2x.png in Resources */,
				261EA0001F690F0E0044BF3C /* tab_btn_scenes_home@2x.png in Resources */,
				261E9FFD1F690F0E0044BF3C /* moon@3x.png in Resources */,
				261E9FF21F690F0E0044BF3C /* device_btn_refresh_nor@2x.png in Resources */,
				261E9FFC1F690F0E0044BF3C /* moon@2x.png in Resources */,
				261EA1631F6910B10044BF3C /* DeviceViewController.xib in Resources */,
				261EA1641F69114F0044BF3C /* Localizable.strings in Resources */,
				261EA14E1F6910080044BF3C /* LICENSE in Resources */,
				261EA0011F690F0E0044BF3C /* tab_btn_scenes_home@3x.png in Resources */,
				260493D81F6B81EE0035E2E8 /* ConnectDeviceViewController.xib in Resources */,
				261E9FBD1F690F050044BF3C /* Default-667h@2x.png in Resources */,
				261E9FFE1F690F0E0044BF3C /* sun@2x.png in Resources */,
				261E9FFA1F690F0E0044BF3C /* leavebed_sm@2x.png in Resources */,
				261E9FF51F690F0E0044BF3C /* heart_stop_s@3x.png in Resources */,
				261EA1611F6910B10044BF3C /* DataViewController.xib in Resources */,
				261EA1441F6910010044BF3C /* StartViewController.xib in Resources */,
				26B41BAE1F7DE01C0003994A /* sdk_index_icon_pillow@3x.png in Resources */,
				261E9FBF1F690F050044BF3C /* Default@2x.png in Resources */,
				A4424B85231537CD0002D35B /* P200A_HP00X_20190827_V1.11(0.0.2)_Release_Update.des in Resources */,
				261EA1391F690FF40044BF3C /* SLPTitleValueArrowTableViewCell.xib in Resources */,
				8FB262E926FABBB700E63F4B /* SettingsViewController.xib in Resources */,
				260493DA1F6B81EE0035E2E8 /* ScanDeviceViewController.xib in Resources */,
				261E9FF81F690F0E0044BF3C /* huxi_3-177@2x.png in Resources */,
				261E9FBE1F690F050044BF3C /* Default-736h@3x.png in Resources */,
				261E9FEF1F690F0E0044BF3C /* control@3x.png in Resources */,
				26B41BAD1F7DE01C0003994A /* sdk_index_icon_pillow@2x.png in Resources */,
				261E9FF91F690F0E0044BF3C /* huxi_3-177@3x.png in Resources */,
				261E9FF11F690F0E0044BF3C /* data@3x.png in Resources */,
				8FB262F326FAC21A00E63F4B /* AlarmListViewController.xib in Resources */,
				261E9FF61F690F0E0044BF3C /* home@2x.png in Resources */,
			);
			runOnlyForDeploymentPostprocessing = 0;
		};
		261E9F991F690D7E0044BF3C /* Resources */ = {
			isa = PBXResourcesBuildPhase;
			buildActionMask = 2147483647;
			files = (
			);
			runOnlyForDeploymentPostprocessing = 0;
		};
		261E9FA41F690D7E0044BF3C /* Resources */ = {
			isa = PBXResourcesBuildPhase;
			buildActionMask = 2147483647;
			files = (
			);
			runOnlyForDeploymentPostprocessing = 0;
		};
/* End PBXResourcesBuildPhase section */

/* Begin PBXSourcesBuildPhase section */
		261E9F7E1F690D7D0044BF3C /* Sources */ = {
			isa = PBXSourcesBuildPhase;
			buildActionMask = 2147483647;
			files = (
				8F2ACC8D26F5B6D400F63034 /* Theme.m in Sources */,
				260493F61F6B82120035E2E8 /* Tool.m in Sources */,
				261EA10C1F690FB90044BF3C /* SBJsonStreamParserAccumulator.m in Sources */,
				261EA1171F690FB90044BF3C /* UserObj.m in Sources */,
				261EA1151F690FB90044BF3C /* SleepView.m in Sources */,
				261E9F8A1F690D7D0044BF3C /* AppDelegate.m in Sources */,
				261EA1131F690FB90044BF3C /* SBJsonUTF8Stream.m in Sources */,
				261E9F871F690D7D0044BF3C /* main.m in Sources */,
				260493D91F6B81EE0035E2E8 /* ScanDeviceViewController.m in Sources */,
				261EA14F1F6910080044BF3C /* MBProgressHUD.m in Sources */,
				261EA1501F6910080044BF3C /* README.mdown in Sources */,
				8F2ACC8826F5B25200F63034 /* SelectItemCell.m in Sources */,
				8FB262F726FAC22900E63F4B /* AlarmViewController.m in Sources */,
				8FB262E826FABBB700E63F4B /* SettingsViewController.m in Sources */,
				8FB262F226FAC21A00E63F4B /* AlarmListViewController.m in Sources */,
				261EA1091F690FB90044BF3C /* SBJson.m in Sources */,
				261EA1161F690FB90044BF3C /* ToolKit.m in Sources */,
				261EA15E1F6910B10044BF3C /* ControlViewController.m in Sources */,
				261EA1601F6910B10044BF3C /* DataViewController.m in Sources */,
				260493F91F6B821B0035E2E8 /* SLPUnderlineButton.m in Sources */,
				260493F01F6B82090035E2E8 /* UpgradeInfoObj.m in Sources */,
				261EA1061F690FB90044BF3C /* FixView.m in Sources */,
				261EA1071F690FB90044BF3C /* HeartCurveView.m in Sources */,
				260493E31F6B81FD0035E2E8 /* SignalViewController.m in Sources */,
				8F2ACC7A26F5AF8500F63034 /* MusicInfo.m in Sources */,
				261EA10A1F690FB90044BF3C /* SBJsonParser.m in Sources */,
				261EA10F1F690FB90044BF3C /* SBJsonStreamWriter.m in Sources */,
				261EA1621F6910B10044BF3C /* DeviceViewController.m in Sources */,
				260493D71F6B81EE0035E2E8 /* ConnectDeviceViewController.m in Sources */,
				261EA10B1F690FB90044BF3C /* SBJsonStreamParser.m in Sources */,
				261EA1111F690FB90044BF3C /* SBJsonStreamWriterState.m in Sources */,
				261EA1381F690FF40044BF3C /* SLPTitleValueArrowTableViewCell.m in Sources */,
				8F2ACC8426F5B1C800F63034 /* MusicListViewController.m in Sources */,
				261EA10D1F690FB90044BF3C /* SBJsonStreamParserAdapter.m in Sources */,
				261EA1101F690FB90044BF3C /* SBJsonStreamWriterAccumulator.m in Sources */,
				261EA1141F690FB90044BF3C /* SBJsonWriter.m in Sources */,
				260493ED1F6B82090035E2E8 /* DealWithData.m in Sources */,
				260493F51F6B82120035E2E8 /* FontColor.m in Sources */,
				261EA10E1F690FB90044BF3C /* SBJsonStreamParserState.m in Sources */,
				8F2ACC9026F5B6FD00F63034 /* BaseTableViewCell.m in Sources */,
				8FB262ED26FAC1D900E63F4B /* BLEMuiscViewController.m in Sources */,
				8FA4886526F49841003F13D5 /* SleepAidViewController.m in Sources */,
				261EA1431F6910010044BF3C /* StartViewController.m in Sources */,
				260493EE1F6B82090035E2E8 /* SimulateData.m in Sources */,
				260493EF1F6B82090035E2E8 /* SimulateData+ScoreDeduction.m in Sources */,
				261EA1081F690FB90044BF3C /* NSObject+SBJson.m in Sources */,
				261EA1051F690FB90044BF3C /* FixTimeView.m in Sources */,
				261EA1121F690FB90044BF3C /* SBJsonTokeniser.m in Sources */,
			);
			runOnlyForDeploymentPostprocessing = 0;
		};
		261E9F971F690D7E0044BF3C /* Sources */ = {
			isa = PBXSourcesBuildPhase;
			buildActionMask = 2147483647;
			files = (
				261E9FA01F690D7E0044BF3C /* PillowSDKDemoTests.m in Sources */,
			);
			runOnlyForDeploymentPostprocessing = 0;
		};
		261E9FA21F690D7E0044BF3C /* Sources */ = {
			isa = PBXSourcesBuildPhase;
			buildActionMask = 2147483647;
			files = (
				261E9FAB1F690D7E0044BF3C /* PillowSDKDemoUITests.m in Sources */,
			);
			runOnlyForDeploymentPostprocessing = 0;
		};
/* End PBXSourcesBuildPhase section */

/* Begin PBXTargetDependency section */
		261E9F9D1F690D7E0044BF3C /* PBXTargetDependency */ = {
			isa = PBXTargetDependency;
			target = 261E9F811F690D7D0044BF3C /* PillowSDKDemo */;
			targetProxy = 261E9F9C1F690D7E0044BF3C /* PBXContainerItemProxy */;
		};
		261E9FA81F690D7E0044BF3C /* PBXTargetDependency */ = {
			isa = PBXTargetDependency;
			target = 261E9F811F690D7D0044BF3C /* PillowSDKDemo */;
			targetProxy = 261E9FA71F690D7E0044BF3C /* PBXContainerItemProxy */;
		};
/* End PBXTargetDependency section */

/* Begin PBXVariantGroup section */
		261E9F931F690D7D0044BF3C /* LaunchScreen.storyboard */ = {
			isa = PBXVariantGroup;
			children = (
				261E9F941F690D7D0044BF3C /* Base */,
			);
			name = LaunchScreen.storyboard;
			sourceTree = "<group>";
		};
		261EA1661F69114F0044BF3C /* Localizable.strings */ = {
			isa = PBXVariantGroup;
			children = (
				261EA1651F69114F0044BF3C /* en */,
				261EA1671F6911540044BF3C /* zh-Hans */,
			);
			name = Localizable.strings;
			sourceTree = "<group>";
		};
/* End PBXVariantGroup section */

/* Begin XCBuildConfiguration section */
		261E9FAD1F690D7E0044BF3C /* Debug */ = {
			isa = XCBuildConfiguration;
			buildSettings = {
				ALWAYS_SEARCH_USER_PATHS = NO;
				CLANG_ANALYZER_LOCALIZABILITY_NONLOCALIZED = YES;
				CLANG_ANALYZER_NONNULL = YES;
				CLANG_ANALYZER_NUMBER_OBJECT_CONVERSION = YES_AGGRESSIVE;
				CLANG_CXX_LANGUAGE_STANDARD = "gnu++0x";
				CLANG_CXX_LIBRARY = "libc++";
				CLANG_ENABLE_MODULES = YES;
				CLANG_ENABLE_OBJC_ARC = YES;
				CLANG_WARN_BLOCK_CAPTURE_AUTORELEASING = YES;
				CLANG_WARN_BOOL_CONVERSION = YES;
				CLANG_WARN_COMMA = YES;
				CLANG_WARN_CONSTANT_CONVERSION = YES;
				CLANG_WARN_DEPRECATED_OBJC_IMPLEMENTATIONS = YES;
				CLANG_WARN_DIRECT_OBJC_ISA_USAGE = YES_ERROR;
				CLANG_WARN_DOCUMENTATION_COMMENTS = YES;
				CLANG_WARN_EMPTY_BODY = YES;
				CLANG_WARN_ENUM_CONVERSION = YES;
				CLANG_WARN_INFINITE_RECURSION = YES;
				CLANG_WARN_INT_CONVERSION = YES;
				CLANG_WARN_NON_LITERAL_NULL_CONVERSION = YES;
				CLANG_WARN_OBJC_IMPLICIT_RETAIN_SELF = YES;
				CLANG_WARN_OBJC_LITERAL_CONVERSION = YES;
				CLANG_WARN_OBJC_ROOT_CLASS = YES_ERROR;
				CLANG_WARN_RANGE_LOOP_ANALYSIS = YES;
				CLANG_WARN_STRICT_PROTOTYPES = YES;
				CLANG_WARN_SUSPICIOUS_MOVE = YES;
				CLANG_WARN_UNREACHABLE_CODE = YES;
				CLANG_WARN__DUPLICATE_METHOD_MATCH = YES;
				"CODE_SIGN_IDENTITY[sdk=iphoneos*]" = "iPhone Developer";
				COPY_PHASE_STRIP = NO;
				DEBUG_INFORMATION_FORMAT = dwarf;
				ENABLE_STRICT_OBJC_MSGSEND = YES;
				ENABLE_TESTABILITY = YES;
				GCC_C_LANGUAGE_STANDARD = gnu99;
				GCC_DYNAMIC_NO_PIC = NO;
				GCC_NO_COMMON_BLOCKS = YES;
				GCC_OPTIMIZATION_LEVEL = 0;
				GCC_PREPROCESSOR_DEFINITIONS = (
					"DEBUG=1",
					"$(inherited)",
				);
				GCC_WARN_64_TO_32_BIT_CONVERSION = YES;
				GCC_WARN_ABOUT_RETURN_TYPE = YES_ERROR;
				GCC_WARN_UNDECLARED_SELECTOR = YES;
				GCC_WARN_UNINITIALIZED_AUTOS = YES_AGGRESSIVE;
				GCC_WARN_UNUSED_FUNCTION = YES;
				GCC_WARN_UNUSED_VARIABLE = YES;
				IPHONEOS_DEPLOYMENT_TARGET = 8.0;
				MTL_ENABLE_DEBUG_INFO = YES;
				ONLY_ACTIVE_ARCH = YES;
				SDKROOT = iphoneos;
			};
			name = Debug;
		};
		261E9FAE1F690D7E0044BF3C /* Release */ = {
			isa = XCBuildConfiguration;
			buildSettings = {
				ALWAYS_SEARCH_USER_PATHS = NO;
				CLANG_ANALYZER_LOCALIZABILITY_NONLOCALIZED = YES;
				CLANG_ANALYZER_NONNULL = YES;
				CLANG_ANALYZER_NUMBER_OBJECT_CONVERSION = YES_AGGRESSIVE;
				CLANG_CXX_LANGUAGE_STANDARD = "gnu++0x";
				CLANG_CXX_LIBRARY = "libc++";
				CLANG_ENABLE_MODULES = YES;
				CLANG_ENABLE_OBJC_ARC = YES;
				CLANG_WARN_BLOCK_CAPTURE_AUTORELEASING = YES;
				CLANG_WARN_BOOL_CONVERSION = YES;
				CLANG_WARN_COMMA = YES;
				CLANG_WARN_CONSTANT_CONVERSION = YES;
				CLANG_WARN_DEPRECATED_OBJC_IMPLEMENTATIONS = YES;
				CLANG_WARN_DIRECT_OBJC_ISA_USAGE = YES_ERROR;
				CLANG_WARN_DOCUMENTATION_COMMENTS = YES;
				CLANG_WARN_EMPTY_BODY = YES;
				CLANG_WARN_ENUM_CONVERSION = YES;
				CLANG_WARN_INFINITE_RECURSION = YES;
				CLANG_WARN_INT_CONVERSION = YES;
				CLANG_WARN_NON_LITERAL_NULL_CONVERSION = YES;
				CLANG_WARN_OBJC_IMPLICIT_RETAIN_SELF = YES;
				CLANG_WARN_OBJC_LITERAL_CONVERSION = YES;
				CLANG_WARN_OBJC_ROOT_CLASS = YES_ERROR;
				CLANG_WARN_RANGE_LOOP_ANALYSIS = YES;
				CLANG_WARN_STRICT_PROTOTYPES = YES;
				CLANG_WARN_SUSPICIOUS_MOVE = YES;
				CLANG_WARN_UNREACHABLE_CODE = YES;
				CLANG_WARN__DUPLICATE_METHOD_MATCH = YES;
				"CODE_SIGN_IDENTITY[sdk=iphoneos*]" = "iPhone Developer";
				COPY_PHASE_STRIP = NO;
				DEBUG_INFORMATION_FORMAT = "dwarf-with-dsym";
				ENABLE_NS_ASSERTIONS = NO;
				ENABLE_STRICT_OBJC_MSGSEND = YES;
				GCC_C_LANGUAGE_STANDARD = gnu99;
				GCC_NO_COMMON_BLOCKS = YES;
				GCC_WARN_64_TO_32_BIT_CONVERSION = YES;
				GCC_WARN_ABOUT_RETURN_TYPE = YES_ERROR;
				GCC_WARN_UNDECLARED_SELECTOR = YES;
				GCC_WARN_UNINITIALIZED_AUTOS = YES_AGGRESSIVE;
				GCC_WARN_UNUSED_FUNCTION = YES;
				GCC_WARN_UNUSED_VARIABLE = YES;
				IPHONEOS_DEPLOYMENT_TARGET = 8.0;
				MTL_ENABLE_DEBUG_INFO = NO;
				SDKROOT = iphoneos;
				VALIDATE_PRODUCT = YES;
			};
			name = Release;
		};
		261E9FB01F690D7E0044BF3C /* Debug */ = {
			isa = XCBuildConfiguration;
			buildSettings = {
				ASSETCATALOG_COMPILER_APPICON_NAME = AppIcon;
				DEVELOPMENT_TEAM = NV3296URNT;
				FRAMEWORK_SEARCH_PATHS = (
					"$(inherited)",
					"$(PROJECT_DIR)",
				);
				GCC_PREFIX_HEADER = "$(SRCROOT)/PillowSDKDemo/PrefixHeader.pch";
				INFOPLIST_FILE = PillowSDKDemo/Info.plist;
				IPHONEOS_DEPLOYMENT_TARGET = 8.0;
				LD_RUNPATH_SEARCH_PATHS = "$(inherited) @executable_path/Frameworks";
				MARKETING_VERSION = V3.0.0.2;
				OTHER_LDFLAGS = (
					"-force_load",
					"$(SRCROOT)/BluetoothManager.framework/BluetoothManager",
					"-force_load",
					"$(SRCROOT)/Pillow.framework/Pillow",
				);
				PRODUCT_BUNDLE_IDENTIFIER = com.medicatech.PillowSDKDemo;
				PRODUCT_NAME = "$(TARGET_NAME)";
			};
			name = Debug;
		};
		261E9FB11F690D7E0044BF3C /* Release */ = {
			isa = XCBuildConfiguration;
			buildSettings = {
				ASSETCATALOG_COMPILER_APPICON_NAME = AppIcon;
				DEVELOPMENT_TEAM = NV3296URNT;
				FRAMEWORK_SEARCH_PATHS = (
					"$(inherited)",
					"$(PROJECT_DIR)",
				);
				GCC_PREFIX_HEADER = "$(SRCROOT)/PillowSDKDemo/PrefixHeader.pch";
				INFOPLIST_FILE = PillowSDKDemo/Info.plist;
				IPHONEOS_DEPLOYMENT_TARGET = 8.0;
				LD_RUNPATH_SEARCH_PATHS = "$(inherited) @executable_path/Frameworks";
				MARKETING_VERSION = V3.0.0.2;
				OTHER_LDFLAGS = (
					"-force_load",
					"$(SRCROOT)/BluetoothManager.framework/BluetoothManager",
					"-force_load",
					"$(SRCROOT)/Pillow.framework/Pillow",
				);
				PRODUCT_BUNDLE_IDENTIFIER = com.medicatech.PillowSDKDemo;
				PRODUCT_NAME = "$(TARGET_NAME)";
			};
			name = Release;
		};
		261E9FB31F690D7E0044BF3C /* Debug */ = {
			isa = XCBuildConfiguration;
			buildSettings = {
				BUNDLE_LOADER = "$(TEST_HOST)";
				DEVELOPMENT_TEAM = NV3296URNT;
				FRAMEWORK_SEARCH_PATHS = (
					"$(inherited)",
					"$(PROJECT_DIR)",
				);
				INFOPLIST_FILE = PillowSDKDemoTests/Info.plist;
				LD_RUNPATH_SEARCH_PATHS = "$(inherited) @executable_path/Frameworks @loader_path/Frameworks";
				OTHER_LDFLAGS = "";
				PRODUCT_BUNDLE_IDENTIFIER = com.medicatech.PillowSDKDemoTests;
				PRODUCT_NAME = "$(TARGET_NAME)";
				TEST_HOST = "$(BUILT_PRODUCTS_DIR)/PillowSDKDemo.app/PillowSDKDemo";
			};
			name = Debug;
		};
		261E9FB41F690D7E0044BF3C /* Release */ = {
			isa = XCBuildConfiguration;
			buildSettings = {
				BUNDLE_LOADER = "$(TEST_HOST)";
				DEVELOPMENT_TEAM = NV3296URNT;
				FRAMEWORK_SEARCH_PATHS = (
					"$(inherited)",
					"$(PROJECT_DIR)",
				);
				INFOPLIST_FILE = PillowSDKDemoTests/Info.plist;
				LD_RUNPATH_SEARCH_PATHS = "$(inherited) @executable_path/Frameworks @loader_path/Frameworks";
				OTHER_LDFLAGS = "";
				PRODUCT_BUNDLE_IDENTIFIER = com.medicatech.PillowSDKDemoTests;
				PRODUCT_NAME = "$(TARGET_NAME)";
				TEST_HOST = "$(BUILT_PRODUCTS_DIR)/PillowSDKDemo.app/PillowSDKDemo";
			};
			name = Release;
		};
		261E9FB61F690D7E0044BF3C /* Debug */ = {
			isa = XCBuildConfiguration;
			buildSettings = {
				DEVELOPMENT_TEAM = NV3296URNT;
				INFOPLIST_FILE = PillowSDKDemoUITests/Info.plist;
				LD_RUNPATH_SEARCH_PATHS = "$(inherited) @executable_path/Frameworks @loader_path/Frameworks";
				PRODUCT_BUNDLE_IDENTIFIER = com.medicatech.PillowSDKDemoUITests;
				PRODUCT_NAME = "$(TARGET_NAME)";
				TEST_TARGET_NAME = PillowSDKDemo;
			};
			name = Debug;
		};
		261E9FB71F690D7E0044BF3C /* Release */ = {
			isa = XCBuildConfiguration;
			buildSettings = {
				DEVELOPMENT_TEAM = NV3296URNT;
				INFOPLIST_FILE = PillowSDKDemoUITests/Info.plist;
				LD_RUNPATH_SEARCH_PATHS = "$(inherited) @executable_path/Frameworks @loader_path/Frameworks";
				PRODUCT_BUNDLE_IDENTIFIER = com.medicatech.PillowSDKDemoUITests;
				PRODUCT_NAME = "$(TARGET_NAME)";
				TEST_TARGET_NAME = PillowSDKDemo;
			};
			name = Release;
		};
/* End XCBuildConfiguration section */

/* Begin XCConfigurationList section */
		261E9F7D1F690D7D0044BF3C /* Build configuration list for PBXProject "PillowSDKDemo" */ = {
			isa = XCConfigurationList;
			buildConfigurations = (
				261E9FAD1F690D7E0044BF3C /* Debug */,
				261E9FAE1F690D7E0044BF3C /* Release */,
			);
			defaultConfigurationIsVisible = 0;
			defaultConfigurationName = Release;
		};
		261E9FAF1F690D7E0044BF3C /* Build configuration list for PBXNativeTarget "PillowSDKDemo" */ = {
			isa = XCConfigurationList;
			buildConfigurations = (
				261E9FB01F690D7E0044BF3C /* Debug */,
				261E9FB11F690D7E0044BF3C /* Release */,
			);
			defaultConfigurationIsVisible = 0;
			defaultConfigurationName = Release;
		};
		261E9FB21F690D7E0044BF3C /* Build configuration list for PBXNativeTarget "PillowSDKDemoTests" */ = {
			isa = XCConfigurationList;
			buildConfigurations = (
				261E9FB31F690D7E0044BF3C /* Debug */,
				261E9FB41F690D7E0044BF3C /* Release */,
			);
			defaultConfigurationIsVisible = 0;
			defaultConfigurationName = Release;
		};
		261E9FB51F690D7E0044BF3C /* Build configuration list for PBXNativeTarget "PillowSDKDemoUITests" */ = {
			isa = XCConfigurationList;
			buildConfigurations = (
				261E9FB61F690D7E0044BF3C /* Debug */,
				261E9FB71F690D7E0044BF3C /* Release */,
			);
			defaultConfigurationIsVisible = 0;
			defaultConfigurationName = Release;
		};
/* End XCConfigurationList section */
	};
	rootObject = 261E9F7A1F690D7D0044BF3C /* Project object */;
}
